// !$*UTF8*$!
{
	archiveVersion = 1;
	classes = {
	};
	objectVersion = 51;
	objects = {

/* Begin PBXBuildFile section */
		080858882446EAC400BBC996 /* ViewPagerOptions.swift in Sources */ = {isa = PBXBuildFile; fileRef = 080858842446EAC300BBC996 /* ViewPagerOptions.swift */; };
		0808588B244702E200BBC996 /* ViewPagerTab.swift in Sources */ = {isa = PBXBuildFile; fileRef = 0808588A244702E100BBC996 /* ViewPagerTab.swift */; };
		0808588D244703AC00BBC996 /* ViewPagerTabView.swift in Sources */ = {isa = PBXBuildFile; fileRef = 0808588C244703AC00BBC996 /* ViewPagerTabView.swift */; };
		0808588F2447040200BBC996 /* ViewPagerTabItem.swift in Sources */ = {isa = PBXBuildFile; fileRef = 0808588E2447040200BBC996 /* ViewPagerTabItem.swift */; };
		0808589124470FBE00BBC996 /* ViewPager.swift in Sources */ = {isa = PBXBuildFile; fileRef = 0808589024470FBE00BBC996 /* ViewPager.swift */; };
		08085893244719A200BBC996 /* CategoryViewController.swift in Sources */ = {isa = PBXBuildFile; fileRef = 08085892244719A200BBC996 /* CategoryViewController.swift */; };
		08089F2923FA6CC900EFDD85 /* AppDelegate.swift in Sources */ = {isa = PBXBuildFile; fileRef = 08089F2823FA6CC900EFDD85 /* AppDelegate.swift */; };
		08089F3023FA6CCE00EFDD85 /* Assets.xcassets in Resources */ = {isa = PBXBuildFile; fileRef = 08089F2F23FA6CCE00EFDD85 /* Assets.xcassets */; };
		080A5923244C3B8000A9B879 /* LaunchScreen.storyboard in Resources */ = {isa = PBXBuildFile; fileRef = 080A5922244C3B8000A9B879 /* LaunchScreen.storyboard */; };
		080A5926244C3C0600A9B879 /* Localizable.strings in Resources */ = {isa = PBXBuildFile; fileRef = 080A5928244C3C0600A9B879 /* Localizable.strings */; };
		0829FAE32403847F000CACCF /* SearchViewController.swift in Sources */ = {isa = PBXBuildFile; fileRef = 0829FAE22403847F000CACCF /* SearchViewController.swift */; };
		0829FAE524039B92000CACCF /* UILabel+Extenstions.swift in Sources */ = {isa = PBXBuildFile; fileRef = 0829FAE424039B92000CACCF /* UILabel+Extenstions.swift */; };
		082B1D122400EB2400316D24 /* MainViewController.swift in Sources */ = {isa = PBXBuildFile; fileRef = 082B1D112400EB2400316D24 /* MainViewController.swift */; };
		082B1D142400EB4800316D24 /* MainAdapter.swift in Sources */ = {isa = PBXBuildFile; fileRef = 082B1D132400EB4800316D24 /* MainAdapter.swift */; };
		082B1D172400F0D200316D24 /* TabBarViewController.swift in Sources */ = {isa = PBXBuildFile; fileRef = 082B1D162400F0D200316D24 /* TabBarViewController.swift */; };
		082B1D192400F43500316D24 /* PostItem.swift in Sources */ = {isa = PBXBuildFile; fileRef = 082B1D182400F43500316D24 /* PostItem.swift */; };
		082D6A952439B72F009B3816 /* AuthModel.swift in Sources */ = {isa = PBXBuildFile; fileRef = 082D6A942439B72F009B3816 /* AuthModel.swift */; };
		082D6A992439BF5A009B3816 /* StorageManager.swift in Sources */ = {isa = PBXBuildFile; fileRef = 082D6A982439BF5A009B3816 /* StorageManager.swift */; };
		082D6A9B2439BF75009B3816 /* AppKey.swift in Sources */ = {isa = PBXBuildFile; fileRef = 082D6A9A2439BF75009B3816 /* AppKey.swift */; };
		082D6A9D2439C279009B3816 /* AppErrorMessage.swift in Sources */ = {isa = PBXBuildFile; fileRef = 082D6A9C2439C279009B3816 /* AppErrorMessage.swift */; };
		082D6A9F2439C6CA009B3816 /* NSNotification.Name+Extensions.swift in Sources */ = {isa = PBXBuildFile; fileRef = 082D6A9E2439C6CA009B3816 /* NSNotification.Name+Extensions.swift */; };
		082DAEBB241754A300F025E4 /* QuestionsViewController.swift in Sources */ = {isa = PBXBuildFile; fileRef = 082DAEBA241754A300F025E4 /* QuestionsViewController.swift */; };
		082DAEBE241755E300F025E4 /* VariantCollectionView.swift in Sources */ = {isa = PBXBuildFile; fileRef = 082DAEBD241755E300F025E4 /* VariantCollectionView.swift */; };
		082DAEC02417573300F025E4 /* VariantItem.swift in Sources */ = {isa = PBXBuildFile; fileRef = 082DAEBF2417573300F025E4 /* VariantItem.swift */; };
		082DAEC524175D4A00F025E4 /* AppSize.swift in Sources */ = {isa = PBXBuildFile; fileRef = 082DAEC424175D4A00F025E4 /* AppSize.swift */; };
		082DF68E245D60D4009C3F46 /* ReviewViewController.swift in Sources */ = {isa = PBXBuildFile; fileRef = 082DF68D245D60D4009C3F46 /* ReviewViewController.swift */; };
		082E268C242654C300C6E32D /* LoadMoreSpinnerView.swift in Sources */ = {isa = PBXBuildFile; fileRef = 082E268B242654C300C6E32D /* LoadMoreSpinnerView.swift */; };
		0830814D24136CC500947567 /* ProfileHeaderView.swift in Sources */ = {isa = PBXBuildFile; fileRef = 0830814C24136CC500947567 /* ProfileHeaderView.swift */; };
		0830814F24136E6400947567 /* ProfileStatisticsItem.swift in Sources */ = {isa = PBXBuildFile; fileRef = 0830814E24136E6400947567 /* ProfileStatisticsItem.swift */; };
		0830815124136FA800947567 /* ProfileModels.swift in Sources */ = {isa = PBXBuildFile; fileRef = 0830815024136FA800947567 /* ProfileModels.swift */; };
		083081532413884F00947567 /* ProfileNotificationItem.swift in Sources */ = {isa = PBXBuildFile; fileRef = 083081522413884F00947567 /* ProfileNotificationItem.swift */; };
		083081562413916100947567 /* DatePickerManager.swift in Sources */ = {isa = PBXBuildFile; fileRef = 083081552413916100947567 /* DatePickerManager.swift */; };
		083081582413963000947567 /* ProfileCertificateItem.swift in Sources */ = {isa = PBXBuildFile; fileRef = 083081572413963000947567 /* ProfileCertificateItem.swift */; };
		0830815A2413974F00947567 /* CertificateItem.swift in Sources */ = {isa = PBXBuildFile; fileRef = 083081592413974F00947567 /* CertificateItem.swift */; };
		0830815C241399DD00947567 /* UICollectionViewCell+Extensions.swift in Sources */ = {isa = PBXBuildFile; fileRef = 0830815B241399DD00947567 /* UICollectionViewCell+Extensions.swift */; };
		083707E32418C848008A85FB /* CALayerExtension.swift in Sources */ = {isa = PBXBuildFile; fileRef = 083707DB2418C843008A85FB /* CALayerExtension.swift */; };
		083707E42418C848008A85FB /* CustomSegments.swift in Sources */ = {isa = PBXBuildFile; fileRef = 083707DC2418C843008A85FB /* CustomSegments.swift */; };
		083707E52418C848008A85FB /* BasicBarChart.swift in Sources */ = {isa = PBXBuildFile; fileRef = 083707DD2418C844008A85FB /* BasicBarChart.swift */; };
		083707E72418C848008A85FB /* DataEntry.swift in Sources */ = {isa = PBXBuildFile; fileRef = 083707DF2418C846008A85FB /* DataEntry.swift */; };
		083707E92418C848008A85FB /* BasicBarChartPresenter.swift in Sources */ = {isa = PBXBuildFile; fileRef = 083707E12418C847008A85FB /* BasicBarChartPresenter.swift */; };
		083707EA2418C848008A85FB /* BasicBarEntry.swift in Sources */ = {isa = PBXBuildFile; fileRef = 083707E22418C848008A85FB /* BasicBarEntry.swift */; };
		083707EC2418C862008A85FB /* Array+Extensions.swift in Sources */ = {isa = PBXBuildFile; fileRef = 083707EB2418C862008A85FB /* Array+Extensions.swift */; };
		083707EF2418C962008A85FB /* UIBezierPath+Extensions.swift in Sources */ = {isa = PBXBuildFile; fileRef = 083707EE2418C962008A85FB /* UIBezierPath+Extensions.swift */; };
		083DDF04243F078F00EA917D /* CategoryModel.swift in Sources */ = {isa = PBXBuildFile; fileRef = 083DDF03243F078F00EA917D /* CategoryModel.swift */; };
		083DDF0624403DD600EA917D /* LoadingBackgroundView.swift in Sources */ = {isa = PBXBuildFile; fileRef = 083DDF0524403DD600EA917D /* LoadingBackgroundView.swift */; };
		0840502323FCE93800A084A4 /* AuthorizationValidator.swift in Sources */ = {isa = PBXBuildFile; fileRef = 0840502223FCE93800A084A4 /* AuthorizationValidator.swift */; };
		0840502623FCEFCD00A084A4 /* RestorePasswordViewController.swift in Sources */ = {isa = PBXBuildFile; fileRef = 0840502523FCEFCD00A084A4 /* RestorePasswordViewController.swift */; };
		0840502823FCEFE500A084A4 /* RestorePasswordAdapter.swift in Sources */ = {isa = PBXBuildFile; fileRef = 0840502723FCEFE500A084A4 /* RestorePasswordAdapter.swift */; };
		0840502A23FCEFF600A084A4 /* RestorePasswordModel.swift in Sources */ = {isa = PBXBuildFile; fileRef = 0840502923FCEFF600A084A4 /* RestorePasswordModel.swift */; };
		0840502C23FCF02F00A084A4 /* RestorePasswordValidator.swift in Sources */ = {isa = PBXBuildFile; fileRef = 0840502B23FCF02F00A084A4 /* RestorePasswordValidator.swift */; };
		0840502F23FE403600A084A4 /* CourseDetailsViewController.swift in Sources */ = {isa = PBXBuildFile; fileRef = 0840502E23FE403600A084A4 /* CourseDetailsViewController.swift */; };
		0840503123FE405F00A084A4 /* ScrollViewController.swift in Sources */ = {isa = PBXBuildFile; fileRef = 0840503023FE405F00A084A4 /* ScrollViewController.swift */; };
		0840503323FE41D500A084A4 /* CourseDetailsPagerViewController.swift in Sources */ = {isa = PBXBuildFile; fileRef = 0840503223FE41D500A084A4 /* CourseDetailsPagerViewController.swift */; };
		0840503523FE422900A084A4 /* CourseModulesViewController.swift in Sources */ = {isa = PBXBuildFile; fileRef = 0840503423FE422900A084A4 /* CourseModulesViewController.swift */; };
		0840503723FE424F00A084A4 /* CourseReviewsViewController.swift in Sources */ = {isa = PBXBuildFile; fileRef = 0840503623FE424F00A084A4 /* CourseReviewsViewController.swift */; };
		0840503B23FE524300A084A4 /* CourseModulesAdapter.swift in Sources */ = {isa = PBXBuildFile; fileRef = 0840503A23FE524300A084A4 /* CourseModulesAdapter.swift */; };
		0840503D23FE526C00A084A4 /* CourseReviewsAdapter.swift in Sources */ = {isa = PBXBuildFile; fileRef = 0840503C23FE526C00A084A4 /* CourseReviewsAdapter.swift */; };
		0840505223FE6B5800A084A4 /* CourseInfoViewController.swift in Sources */ = {isa = PBXBuildFile; fileRef = 0840505123FE6B5800A084A4 /* CourseInfoViewController.swift */; };
		0840505423FE6B6B00A084A4 /* CourseInfoAdapter.swift in Sources */ = {isa = PBXBuildFile; fileRef = 0840505323FE6B6B00A084A4 /* CourseInfoAdapter.swift */; };
		0840505723FE6E4A00A084A4 /* MessageHeaderView.swift in Sources */ = {isa = PBXBuildFile; fileRef = 0840505623FE6E4A00A084A4 /* MessageHeaderView.swift */; };
		0840505923FE717700A084A4 /* ReviewItem.swift in Sources */ = {isa = PBXBuildFile; fileRef = 0840505823FE717700A084A4 /* ReviewItem.swift */; };
		08479E1324371E0B005029C8 /* UIEdgeInsets+Extensions.swift in Sources */ = {isa = PBXBuildFile; fileRef = 08479E1224371E0B005029C8 /* UIEdgeInsets+Extensions.swift */; };
		08479E15243731A4005029C8 /* ModuleModel.swift in Sources */ = {isa = PBXBuildFile; fileRef = 08479E14243731A4005029C8 /* ModuleModel.swift */; };
		08479E1724373CD8005029C8 /* ReviewModel.swift in Sources */ = {isa = PBXBuildFile; fileRef = 08479E1624373CD8005029C8 /* ReviewModel.swift */; };
		08479E1924374A94005029C8 /* LessonModel.swift in Sources */ = {isa = PBXBuildFile; fileRef = 08479E1824374A94005029C8 /* LessonModel.swift */; };
		08483D65240B655000B40B1F /* ModuleExpandableHeaderView.swift in Sources */ = {isa = PBXBuildFile; fileRef = 08483D64240B655000B40B1F /* ModuleExpandableHeaderView.swift */; };
		08483D67240B6DF800B40B1F /* LessonItem.swift in Sources */ = {isa = PBXBuildFile; fileRef = 08483D66240B6DF800B40B1F /* LessonItem.swift */; };
		08483D69240B882F00B40B1F /* CourseHeaderView.swift in Sources */ = {isa = PBXBuildFile; fileRef = 08483D68240B882F00B40B1F /* CourseHeaderView.swift */; };
		08483D6B240B8D9E00B40B1F /* CourseCommunityView.swift in Sources */ = {isa = PBXBuildFile; fileRef = 08483D6A240B8D9E00B40B1F /* CourseCommunityView.swift */; };
		08483D6D240B8E1A00B40B1F /* CourseRatingView.swift in Sources */ = {isa = PBXBuildFile; fileRef = 08483D6C240B8E1A00B40B1F /* CourseRatingView.swift */; };
		08483D6F240B8E4E00B40B1F /* PaddingLabel.swift in Sources */ = {isa = PBXBuildFile; fileRef = 08483D6E240B8E4E00B40B1F /* PaddingLabel.swift */; };
		084E8794242516C6006B9524 /* CourseModel.swift in Sources */ = {isa = PBXBuildFile; fileRef = 084E8793242516C6006B9524 /* CourseModel.swift */; };
		0856AA7C241F6C1C00BFAE4F /* NetworkManager.swift in Sources */ = {isa = PBXBuildFile; fileRef = 0856AA74241F6C1C00BFAE4F /* NetworkManager.swift */; };
		0856AA7D241F6C1C00BFAE4F /* CustomParser.swift in Sources */ = {isa = PBXBuildFile; fileRef = 0856AA75241F6C1C00BFAE4F /* CustomParser.swift */; };
		0856AA7E241F6C1C00BFAE4F /* Endpoints.swift in Sources */ = {isa = PBXBuildFile; fileRef = 0856AA77241F6C1C00BFAE4F /* Endpoints.swift */; };
		0856AA7F241F6C1C00BFAE4F /* Requests.swift in Sources */ = {isa = PBXBuildFile; fileRef = 0856AA78241F6C1C00BFAE4F /* Requests.swift */; };
		0856AA80241F6C1C00BFAE4F /* Parser.swift in Sources */ = {isa = PBXBuildFile; fileRef = 0856AA79241F6C1C00BFAE4F /* Parser.swift */; };
		0856AA81241F6C1C00BFAE4F /* CustomError.swift in Sources */ = {isa = PBXBuildFile; fileRef = 0856AA7A241F6C1C00BFAE4F /* CustomError.swift */; };
		0856AA82241F6C1C00BFAE4F /* EndpointType.swift in Sources */ = {isa = PBXBuildFile; fileRef = 0856AA7B241F6C1C00BFAE4F /* EndpointType.swift */; };
		0875B67E240DF9AD00669C5B /* VideoViewController.swift in Sources */ = {isa = PBXBuildFile; fileRef = 0875B67D240DF9AD00669C5B /* VideoViewController.swift */; };
		0875B680240DFBDC00669C5B /* LessonViewController.swift in Sources */ = {isa = PBXBuildFile; fileRef = 0875B67F240DFBDC00669C5B /* LessonViewController.swift */; };
		0875B682240DFCE400669C5B /* IconableTabItem.swift in Sources */ = {isa = PBXBuildFile; fileRef = 0875B681240DFCE400669C5B /* IconableTabItem.swift */; };
		0875B686240E162600669C5B /* SettingsViewController.swift in Sources */ = {isa = PBXBuildFile; fileRef = 0875B685240E162600669C5B /* SettingsViewController.swift */; };
		0875B688240E165C00669C5B /* SettingsAdapter.swift in Sources */ = {isa = PBXBuildFile; fileRef = 0875B687240E165C00669C5B /* SettingsAdapter.swift */; };
		0875B68A240E185D00669C5B /* SettingsModel.swift in Sources */ = {isa = PBXBuildFile; fileRef = 0875B689240E185D00669C5B /* SettingsModel.swift */; };
		0875B68C240E1C4D00669C5B /* SettingsHeaderItem.swift in Sources */ = {isa = PBXBuildFile; fileRef = 0875B68B240E1C4D00669C5B /* SettingsHeaderItem.swift */; };
		0875B68E240E263100669C5B /* SettingsLanguageItem.swift in Sources */ = {isa = PBXBuildFile; fileRef = 0875B68D240E263100669C5B /* SettingsLanguageItem.swift */; };
		0875B690240E284F00669C5B /* PickerViewManager.swift in Sources */ = {isa = PBXBuildFile; fileRef = 0875B68F240E284F00669C5B /* PickerViewManager.swift */; };
		0875DF202419FDB400CCB46B /* EditViewController.swift in Sources */ = {isa = PBXBuildFile; fileRef = 0875DF1F2419FDB400CCB46B /* EditViewController.swift */; };
		0875DF222419FDBE00CCB46B /* EditAdapter.swift in Sources */ = {isa = PBXBuildFile; fileRef = 0875DF212419FDBE00CCB46B /* EditAdapter.swift */; };
		0875DF242419FDC900CCB46B /* EditModels.swift in Sources */ = {isa = PBXBuildFile; fileRef = 0875DF232419FDC900CCB46B /* EditModels.swift */; };
		0875DF262419FE5900CCB46B /* EditValidator.swift in Sources */ = {isa = PBXBuildFile; fileRef = 0875DF252419FE5900CCB46B /* EditValidator.swift */; };
		087D909624386199003E74BD /* ResponseModel.swift in Sources */ = {isa = PBXBuildFile; fileRef = 087D909524386199003E74BD /* ResponseModel.swift */; };
		087D909824386B11003E74BD /* LoadingButton.swift in Sources */ = {isa = PBXBuildFile; fileRef = 087D909724386B11003E74BD /* LoadingButton.swift */; };
		088F4078240783D10094D854 /* SubscribedPackageItem.swift in Sources */ = {isa = PBXBuildFile; fileRef = 088F4077240783D10094D854 /* SubscribedPackageItem.swift */; };
		089A46A12402389F007068DB /* ByCategoryViewController.swift in Sources */ = {isa = PBXBuildFile; fileRef = 089A46A02402389F007068DB /* ByCategoryViewController.swift */; };
		089A46A3240238BF007068DB /* ByCategoryAdapter.swift in Sources */ = {isa = PBXBuildFile; fileRef = 089A46A2240238BF007068DB /* ByCategoryAdapter.swift */; };
		08A0FF46243C44AF0000119B /* UITableViewController+FetchableMore.swift in Sources */ = {isa = PBXBuildFile; fileRef = 08A0FF45243C44AF0000119B /* UITableViewController+FetchableMore.swift */; };
		08A73E262406471200244B9E /* PackageItem.swift in Sources */ = {isa = PBXBuildFile; fileRef = 08A73E252406471200244B9E /* PackageItem.swift */; };
		08A73E2824065B8D00244B9E /* IconableLabelView.swift in Sources */ = {isa = PBXBuildFile; fileRef = 08A73E2724065B8D00244B9E /* IconableLabelView.swift */; };
		08A73E2B2406610400244B9E /* SubscribedCoursesViewController.swift in Sources */ = {isa = PBXBuildFile; fileRef = 08A73E2A2406610400244B9E /* SubscribedCoursesViewController.swift */; };
		08A73E2D2406613D00244B9E /* SubscribedCoursesAdapter.swift in Sources */ = {isa = PBXBuildFile; fileRef = 08A73E2C2406613D00244B9E /* SubscribedCoursesAdapter.swift */; };
		08A937E72410D80F009C50C3 /* SettingsChangableItem.swift in Sources */ = {isa = PBXBuildFile; fileRef = 08A937E62410D80F009C50C3 /* SettingsChangableItem.swift */; };
		08B0C73E240CBD1200D2AE79 /* CourseInfoHeaderView.swift in Sources */ = {isa = PBXBuildFile; fileRef = 08B0C73D240CBD1200D2AE79 /* CourseInfoHeaderView.swift */; };
		08B0C740240CBFC500D2AE79 /* CourseInfoDescriptionItem.swift in Sources */ = {isa = PBXBuildFile; fileRef = 08B0C73F240CBFC500D2AE79 /* CourseInfoDescriptionItem.swift */; };
		08B0C742240CC6FB00D2AE79 /* CourseInfoTeacherItem.swift in Sources */ = {isa = PBXBuildFile; fileRef = 08B0C741240CC6FB00D2AE79 /* CourseInfoTeacherItem.swift */; };
		08B0C744240CCF2800D2AE79 /* CourseInfoSkillsItem.swift in Sources */ = {isa = PBXBuildFile; fileRef = 08B0C743240CCF2800D2AE79 /* CourseInfoSkillsItem.swift */; };
		08B0C746240CD41F00D2AE79 /* CourseInfoLanguageItem.swift in Sources */ = {isa = PBXBuildFile; fileRef = 08B0C745240CD41F00D2AE79 /* CourseInfoLanguageItem.swift */; };
		08BCDB60244835ED00ABCC99 /* LessonDrawlable.swift in Sources */ = {isa = PBXBuildFile; fileRef = 08BCDB5F244835ED00ABCC99 /* LessonDrawlable.swift */; };
		08BCDB6224483CCA00ABCC99 /* LessonPageModel.swift in Sources */ = {isa = PBXBuildFile; fileRef = 08BCDB6124483CCA00ABCC99 /* LessonPageModel.swift */; };
		08C981AA2423BDDD00B2A802 /* GeneralPaginationModel.swift in Sources */ = {isa = PBXBuildFile; fileRef = 08C981A92423BDDD00B2A802 /* GeneralPaginationModel.swift */; };
		08C981AC2423BF5600B2A802 /* PostModel.swift in Sources */ = {isa = PBXBuildFile; fileRef = 08C981AB2423BF5600B2A802 /* PostModel.swift */; };
		08C981AF2423E2AF00B2A802 /* MessageBackgroundView.swift in Sources */ = {isa = PBXBuildFile; fileRef = 08C981AE2423E2AF00B2A802 /* MessageBackgroundView.swift */; };
		08CF860B241B9085009F31FE /* Skilltem.swift in Sources */ = {isa = PBXBuildFile; fileRef = 08CF860A241B9085009F31FE /* Skilltem.swift */; };
		08CF860D241B9446009F31FE /* DynamicHeightCollectionView.swift in Sources */ = {isa = PBXBuildFile; fileRef = 08CF860C241B9446009F31FE /* DynamicHeightCollectionView.swift */; };
		08D2DA412413686D001EC235 /* ProfileViewController.swift in Sources */ = {isa = PBXBuildFile; fileRef = 08D2DA402413686D001EC235 /* ProfileViewController.swift */; };
		08D2DA4324136880001EC235 /* ProfileAdapter.swift in Sources */ = {isa = PBXBuildFile; fileRef = 08D2DA4224136880001EC235 /* ProfileAdapter.swift */; };
		08D551542454503F002DC8E7 /* CourseInfoSkillTitleItem.swift in Sources */ = {isa = PBXBuildFile; fileRef = 08D551532454503F002DC8E7 /* CourseInfoSkillTitleItem.swift */; };
		08E13046244AEA4D0086D5BC /* LanguageModel.swift in Sources */ = {isa = PBXBuildFile; fileRef = 08E13045244AEA4D0086D5BC /* LanguageModel.swift */; };
		08E1D3F123FBB1BB006E3042 /* AuthorizationViewController.swift in Sources */ = {isa = PBXBuildFile; fileRef = 08E1D3F023FBB1BB006E3042 /* AuthorizationViewController.swift */; };
		08E1D3F423FBB278006E3042 /* UINavigationController+Extenstions.swift in Sources */ = {isa = PBXBuildFile; fileRef = 08E1D3F323FBB278006E3042 /* UINavigationController+Extenstions.swift */; };
		08E1D3F723FBB2EC006E3042 /* NavigationController.swift in Sources */ = {isa = PBXBuildFile; fileRef = 08E1D3F623FBB2EC006E3042 /* NavigationController.swift */; };
		08E1D3F923FBB313006E3042 /* UIViewController+Extenstions.swift in Sources */ = {isa = PBXBuildFile; fileRef = 08E1D3F823FBB313006E3042 /* UIViewController+Extenstions.swift */; };
		08E1D3FC23FBB4E6006E3042 /* AppTitle.swift in Sources */ = {isa = PBXBuildFile; fileRef = 08E1D3FB23FBB4E6006E3042 /* AppTitle.swift */; };
		08E1D40223FBB822006E3042 /* FloatingTextField.swift in Sources */ = {isa = PBXBuildFile; fileRef = 08E1D40123FBB821006E3042 /* FloatingTextField.swift */; };
		08E1D40523FBB8C5006E3042 /* AppColor.swift in Sources */ = {isa = PBXBuildFile; fileRef = 08E1D40423FBB8C5006E3042 /* AppColor.swift */; };
		08E1D40723FBBA23006E3042 /* SecureTextField.swift in Sources */ = {isa = PBXBuildFile; fileRef = 08E1D40623FBBA23006E3042 /* SecureTextField.swift */; };
		08E1D40923FBBCBB006E3042 /* FloatingTextFieldItem.swift in Sources */ = {isa = PBXBuildFile; fileRef = 08E1D40823FBBCBB006E3042 /* FloatingTextFieldItem.swift */; };
		08E1D40B23FBBEB7006E3042 /* String+Extensions.swift in Sources */ = {isa = PBXBuildFile; fileRef = 08E1D40A23FBBEB7006E3042 /* String+Extensions.swift */; };
		08E1D40D23FBBED8006E3042 /* UITableViewCell+Extensions.swift in Sources */ = {isa = PBXBuildFile; fileRef = 08E1D40C23FBBED8006E3042 /* UITableViewCell+Extensions.swift */; };
		08E1D40F23FBC1F3006E3042 /* AuthorizationViewModel.swift in Sources */ = {isa = PBXBuildFile; fileRef = 08E1D40E23FBC1F3006E3042 /* AuthorizationViewModel.swift */; };
		08E1D41123FBC4C2006E3042 /* AuthorizationAdapter.swift in Sources */ = {isa = PBXBuildFile; fileRef = 08E1D41023FBC4C2006E3042 /* AuthorizationAdapter.swift */; };
		08E1D41323FBC81C006E3042 /* FilledButtonItem.swift in Sources */ = {isa = PBXBuildFile; fileRef = 08E1D41223FBC81C006E3042 /* FilledButtonItem.swift */; };
		08E1D41523FBC847006E3042 /* FilledButton.swift in Sources */ = {isa = PBXBuildFile; fileRef = 08E1D41423FBC847006E3042 /* FilledButton.swift */; };
		08E1D41723FBCACD006E3042 /* DefaultButtonItem.swift in Sources */ = {isa = PBXBuildFile; fileRef = 08E1D41623FBCACD006E3042 /* DefaultButtonItem.swift */; };
		08E1D41A23FBDACF006E3042 /* Stylizing.swift in Sources */ = {isa = PBXBuildFile; fileRef = 08E1D41923FBDACF006E3042 /* Stylizing.swift */; };
		08E1D41C23FC0893006E3042 /* OTPItem.swift in Sources */ = {isa = PBXBuildFile; fileRef = 08E1D41B23FC0892006E3042 /* OTPItem.swift */; };
		08E1D41E23FC08C6006E3042 /* OTPTextField.swift in Sources */ = {isa = PBXBuildFile; fileRef = 08E1D41D23FC08C6006E3042 /* OTPTextField.swift */; };
		08E1D42023FC0C6A006E3042 /* UIView+Extensions.swift in Sources */ = {isa = PBXBuildFile; fileRef = 08E1D41F23FC0C6A006E3042 /* UIView+Extensions.swift */; };
		08E1D42223FC0FAC006E3042 /* UIStackView+Extensions.swift in Sources */ = {isa = PBXBuildFile; fileRef = 08E1D42123FC0FAC006E3042 /* UIStackView+Extensions.swift */; };
		08E1D42423FC38C4006E3042 /* MessageItem.swift in Sources */ = {isa = PBXBuildFile; fileRef = 08E1D42323FC38C4006E3042 /* MessageItem.swift */; };
		08F54F8024580C6F001D7A55 /* Int+Ext.swift in Sources */ = {isa = PBXBuildFile; fileRef = 08F54F7F24580C6E001D7A55 /* Int+Ext.swift */; };
		08FCD8362442E742007F058A /* SearchDrawlable.swift in Sources */ = {isa = PBXBuildFile; fileRef = 08FCD8352442E742007F058A /* SearchDrawlable.swift */; };
		08FCD8382442F52B007F058A /* RetryBackgroundView.swift in Sources */ = {isa = PBXBuildFile; fileRef = 08FCD8372442F52B007F058A /* RetryBackgroundView.swift */; };
		4AD76D50A3B7452E87059F81 /* Pods_Study.framework in Frameworks */ = {isa = PBXBuildFile; fileRef = 50CA6ACFDE41D6E3BA3EA7AA /* Pods_Study.framework */; };
/* End PBXBuildFile section */

/* Begin PBXFileReference section */
		080858842446EAC300BBC996 /* ViewPagerOptions.swift */ = {isa = PBXFileReference; fileEncoding = 4; lastKnownFileType = sourcecode.swift; path = ViewPagerOptions.swift; sourceTree = "<group>"; };
		0808588A244702E100BBC996 /* ViewPagerTab.swift */ = {isa = PBXFileReference; fileEncoding = 4; lastKnownFileType = sourcecode.swift; path = ViewPagerTab.swift; sourceTree = "<group>"; };
		0808588C244703AC00BBC996 /* ViewPagerTabView.swift */ = {isa = PBXFileReference; fileEncoding = 4; lastKnownFileType = sourcecode.swift; path = ViewPagerTabView.swift; sourceTree = "<group>"; };
		0808588E2447040200BBC996 /* ViewPagerTabItem.swift */ = {isa = PBXFileReference; lastKnownFileType = sourcecode.swift; path = ViewPagerTabItem.swift; sourceTree = "<group>"; };
		0808589024470FBE00BBC996 /* ViewPager.swift */ = {isa = PBXFileReference; lastKnownFileType = sourcecode.swift; path = ViewPager.swift; sourceTree = "<group>"; };
		08085892244719A200BBC996 /* CategoryViewController.swift */ = {isa = PBXFileReference; lastKnownFileType = sourcecode.swift; path = CategoryViewController.swift; sourceTree = "<group>"; };
		08089F2523FA6CC900EFDD85 /* Study.app */ = {isa = PBXFileReference; explicitFileType = wrapper.application; includeInIndex = 0; path = Study.app; sourceTree = BUILT_PRODUCTS_DIR; };
		08089F2823FA6CC900EFDD85 /* AppDelegate.swift */ = {isa = PBXFileReference; lastKnownFileType = sourcecode.swift; path = AppDelegate.swift; sourceTree = "<group>"; };
		08089F2F23FA6CCE00EFDD85 /* Assets.xcassets */ = {isa = PBXFileReference; lastKnownFileType = folder.assetcatalog; path = Assets.xcassets; sourceTree = "<group>"; };
		08089F3423FA6CCE00EFDD85 /* Info.plist */ = {isa = PBXFileReference; lastKnownFileType = text.plist.xml; path = Info.plist; sourceTree = "<group>"; };
		080A5922244C3B8000A9B879 /* LaunchScreen.storyboard */ = {isa = PBXFileReference; lastKnownFileType = file.storyboard; path = LaunchScreen.storyboard; sourceTree = "<group>"; };
		080A5927244C3C0600A9B879 /* ru */ = {isa = PBXFileReference; lastKnownFileType = text.plist.strings; name = ru; path = ru.lproj/Localizable.strings; sourceTree = "<group>"; };
		080A5929244C3C2600A9B879 /* kk-KZ */ = {isa = PBXFileReference; lastKnownFileType = text.plist.strings; name = "kk-KZ"; path = "kk-KZ.lproj/Localizable.strings"; sourceTree = "<group>"; };
		0829FAE22403847F000CACCF /* SearchViewController.swift */ = {isa = PBXFileReference; lastKnownFileType = sourcecode.swift; path = SearchViewController.swift; sourceTree = "<group>"; };
		0829FAE424039B92000CACCF /* UILabel+Extenstions.swift */ = {isa = PBXFileReference; lastKnownFileType = sourcecode.swift; path = "UILabel+Extenstions.swift"; sourceTree = "<group>"; };
		082B1D112400EB2400316D24 /* MainViewController.swift */ = {isa = PBXFileReference; lastKnownFileType = sourcecode.swift; path = MainViewController.swift; sourceTree = "<group>"; };
		082B1D132400EB4800316D24 /* MainAdapter.swift */ = {isa = PBXFileReference; lastKnownFileType = sourcecode.swift; path = MainAdapter.swift; sourceTree = "<group>"; };
		082B1D162400F0D200316D24 /* TabBarViewController.swift */ = {isa = PBXFileReference; lastKnownFileType = sourcecode.swift; path = TabBarViewController.swift; sourceTree = "<group>"; };
		082B1D182400F43500316D24 /* PostItem.swift */ = {isa = PBXFileReference; lastKnownFileType = sourcecode.swift; path = PostItem.swift; sourceTree = "<group>"; };
		082D6A942439B72F009B3816 /* AuthModel.swift */ = {isa = PBXFileReference; lastKnownFileType = sourcecode.swift; path = AuthModel.swift; sourceTree = "<group>"; };
		082D6A982439BF5A009B3816 /* StorageManager.swift */ = {isa = PBXFileReference; fileEncoding = 4; lastKnownFileType = sourcecode.swift; path = StorageManager.swift; sourceTree = "<group>"; };
		082D6A9A2439BF75009B3816 /* AppKey.swift */ = {isa = PBXFileReference; lastKnownFileType = sourcecode.swift; path = AppKey.swift; sourceTree = "<group>"; };
		082D6A9C2439C279009B3816 /* AppErrorMessage.swift */ = {isa = PBXFileReference; lastKnownFileType = sourcecode.swift; path = AppErrorMessage.swift; sourceTree = "<group>"; };
		082D6A9E2439C6CA009B3816 /* NSNotification.Name+Extensions.swift */ = {isa = PBXFileReference; fileEncoding = 4; lastKnownFileType = sourcecode.swift; path = "NSNotification.Name+Extensions.swift"; sourceTree = "<group>"; };
		082DAEBA241754A300F025E4 /* QuestionsViewController.swift */ = {isa = PBXFileReference; lastKnownFileType = sourcecode.swift; path = QuestionsViewController.swift; sourceTree = "<group>"; };
		082DAEBD241755E300F025E4 /* VariantCollectionView.swift */ = {isa = PBXFileReference; lastKnownFileType = sourcecode.swift; path = VariantCollectionView.swift; sourceTree = "<group>"; };
		082DAEBF2417573300F025E4 /* VariantItem.swift */ = {isa = PBXFileReference; lastKnownFileType = sourcecode.swift; path = VariantItem.swift; sourceTree = "<group>"; };
		082DAEC424175D4A00F025E4 /* AppSize.swift */ = {isa = PBXFileReference; lastKnownFileType = sourcecode.swift; path = AppSize.swift; sourceTree = "<group>"; };
		082DF68D245D60D4009C3F46 /* ReviewViewController.swift */ = {isa = PBXFileReference; lastKnownFileType = sourcecode.swift; path = ReviewViewController.swift; sourceTree = "<group>"; };
		082E268B242654C300C6E32D /* LoadMoreSpinnerView.swift */ = {isa = PBXFileReference; lastKnownFileType = sourcecode.swift; path = LoadMoreSpinnerView.swift; sourceTree = "<group>"; };
		0830814C24136CC500947567 /* ProfileHeaderView.swift */ = {isa = PBXFileReference; lastKnownFileType = sourcecode.swift; path = ProfileHeaderView.swift; sourceTree = "<group>"; };
		0830814E24136E6400947567 /* ProfileStatisticsItem.swift */ = {isa = PBXFileReference; lastKnownFileType = sourcecode.swift; path = ProfileStatisticsItem.swift; sourceTree = "<group>"; };
		0830815024136FA800947567 /* ProfileModels.swift */ = {isa = PBXFileReference; lastKnownFileType = sourcecode.swift; path = ProfileModels.swift; sourceTree = "<group>"; };
		083081522413884F00947567 /* ProfileNotificationItem.swift */ = {isa = PBXFileReference; lastKnownFileType = sourcecode.swift; path = ProfileNotificationItem.swift; sourceTree = "<group>"; };
		083081552413916100947567 /* DatePickerManager.swift */ = {isa = PBXFileReference; fileEncoding = 4; lastKnownFileType = sourcecode.swift; path = DatePickerManager.swift; sourceTree = "<group>"; };
		083081572413963000947567 /* ProfileCertificateItem.swift */ = {isa = PBXFileReference; lastKnownFileType = sourcecode.swift; path = ProfileCertificateItem.swift; sourceTree = "<group>"; };
		083081592413974F00947567 /* CertificateItem.swift */ = {isa = PBXFileReference; lastKnownFileType = sourcecode.swift; path = CertificateItem.swift; sourceTree = "<group>"; };
		0830815B241399DD00947567 /* UICollectionViewCell+Extensions.swift */ = {isa = PBXFileReference; lastKnownFileType = sourcecode.swift; path = "UICollectionViewCell+Extensions.swift"; sourceTree = "<group>"; };
		083707DB2418C843008A85FB /* CALayerExtension.swift */ = {isa = PBXFileReference; fileEncoding = 4; lastKnownFileType = sourcecode.swift; path = CALayerExtension.swift; sourceTree = "<group>"; };
		083707DC2418C843008A85FB /* CustomSegments.swift */ = {isa = PBXFileReference; fileEncoding = 4; lastKnownFileType = sourcecode.swift; path = CustomSegments.swift; sourceTree = "<group>"; };
		083707DD2418C844008A85FB /* BasicBarChart.swift */ = {isa = PBXFileReference; fileEncoding = 4; lastKnownFileType = sourcecode.swift; name = BasicBarChart.swift; path = "../New Group/BasicBarChart.swift"; sourceTree = "<group>"; };
		083707DF2418C846008A85FB /* DataEntry.swift */ = {isa = PBXFileReference; fileEncoding = 4; lastKnownFileType = sourcecode.swift; path = DataEntry.swift; sourceTree = "<group>"; };
		083707E12418C847008A85FB /* BasicBarChartPresenter.swift */ = {isa = PBXFileReference; fileEncoding = 4; lastKnownFileType = sourcecode.swift; path = BasicBarChartPresenter.swift; sourceTree = "<group>"; };
		083707E22418C848008A85FB /* BasicBarEntry.swift */ = {isa = PBXFileReference; fileEncoding = 4; lastKnownFileType = sourcecode.swift; path = BasicBarEntry.swift; sourceTree = "<group>"; };
		083707EB2418C862008A85FB /* Array+Extensions.swift */ = {isa = PBXFileReference; lastKnownFileType = sourcecode.swift; path = "Array+Extensions.swift"; sourceTree = "<group>"; };
		083707EE2418C962008A85FB /* UIBezierPath+Extensions.swift */ = {isa = PBXFileReference; lastKnownFileType = sourcecode.swift; path = "UIBezierPath+Extensions.swift"; sourceTree = "<group>"; };
		083DDF03243F078F00EA917D /* CategoryModel.swift */ = {isa = PBXFileReference; lastKnownFileType = sourcecode.swift; path = CategoryModel.swift; sourceTree = "<group>"; };
		083DDF0524403DD600EA917D /* LoadingBackgroundView.swift */ = {isa = PBXFileReference; fileEncoding = 4; lastKnownFileType = sourcecode.swift; name = LoadingBackgroundView.swift; path = ../LoadingBackgroundView.swift; sourceTree = "<group>"; };
		0840502223FCE93800A084A4 /* AuthorizationValidator.swift */ = {isa = PBXFileReference; lastKnownFileType = sourcecode.swift; path = AuthorizationValidator.swift; sourceTree = "<group>"; };
		0840502523FCEFCD00A084A4 /* RestorePasswordViewController.swift */ = {isa = PBXFileReference; lastKnownFileType = sourcecode.swift; path = RestorePasswordViewController.swift; sourceTree = "<group>"; };
		0840502723FCEFE500A084A4 /* RestorePasswordAdapter.swift */ = {isa = PBXFileReference; lastKnownFileType = sourcecode.swift; path = RestorePasswordAdapter.swift; sourceTree = "<group>"; };
		0840502923FCEFF600A084A4 /* RestorePasswordModel.swift */ = {isa = PBXFileReference; lastKnownFileType = sourcecode.swift; path = RestorePasswordModel.swift; sourceTree = "<group>"; };
		0840502B23FCF02F00A084A4 /* RestorePasswordValidator.swift */ = {isa = PBXFileReference; lastKnownFileType = sourcecode.swift; path = RestorePasswordValidator.swift; sourceTree = "<group>"; };
		0840502E23FE403600A084A4 /* CourseDetailsViewController.swift */ = {isa = PBXFileReference; lastKnownFileType = sourcecode.swift; path = CourseDetailsViewController.swift; sourceTree = "<group>"; };
		0840503023FE405F00A084A4 /* ScrollViewController.swift */ = {isa = PBXFileReference; fileEncoding = 4; lastKnownFileType = sourcecode.swift; path = ScrollViewController.swift; sourceTree = "<group>"; };
		0840503223FE41D500A084A4 /* CourseDetailsPagerViewController.swift */ = {isa = PBXFileReference; lastKnownFileType = sourcecode.swift; path = CourseDetailsPagerViewController.swift; sourceTree = "<group>"; };
		0840503423FE422900A084A4 /* CourseModulesViewController.swift */ = {isa = PBXFileReference; lastKnownFileType = sourcecode.swift; path = CourseModulesViewController.swift; sourceTree = "<group>"; };
		0840503623FE424F00A084A4 /* CourseReviewsViewController.swift */ = {isa = PBXFileReference; lastKnownFileType = sourcecode.swift; path = CourseReviewsViewController.swift; sourceTree = "<group>"; };
		0840503A23FE524300A084A4 /* CourseModulesAdapter.swift */ = {isa = PBXFileReference; lastKnownFileType = sourcecode.swift; path = CourseModulesAdapter.swift; sourceTree = "<group>"; };
		0840503C23FE526C00A084A4 /* CourseReviewsAdapter.swift */ = {isa = PBXFileReference; lastKnownFileType = sourcecode.swift; path = CourseReviewsAdapter.swift; sourceTree = "<group>"; };
		0840505123FE6B5800A084A4 /* CourseInfoViewController.swift */ = {isa = PBXFileReference; lastKnownFileType = sourcecode.swift; path = CourseInfoViewController.swift; sourceTree = "<group>"; };
		0840505323FE6B6B00A084A4 /* CourseInfoAdapter.swift */ = {isa = PBXFileReference; lastKnownFileType = sourcecode.swift; path = CourseInfoAdapter.swift; sourceTree = "<group>"; };
		0840505623FE6E4A00A084A4 /* MessageHeaderView.swift */ = {isa = PBXFileReference; lastKnownFileType = sourcecode.swift; path = MessageHeaderView.swift; sourceTree = "<group>"; };
		0840505823FE717700A084A4 /* ReviewItem.swift */ = {isa = PBXFileReference; lastKnownFileType = sourcecode.swift; path = ReviewItem.swift; sourceTree = "<group>"; };
		08479E1224371E0B005029C8 /* UIEdgeInsets+Extensions.swift */ = {isa = PBXFileReference; fileEncoding = 4; lastKnownFileType = sourcecode.swift; path = "UIEdgeInsets+Extensions.swift"; sourceTree = "<group>"; };
		08479E14243731A4005029C8 /* ModuleModel.swift */ = {isa = PBXFileReference; lastKnownFileType = sourcecode.swift; path = ModuleModel.swift; sourceTree = "<group>"; };
		08479E1624373CD8005029C8 /* ReviewModel.swift */ = {isa = PBXFileReference; lastKnownFileType = sourcecode.swift; path = ReviewModel.swift; sourceTree = "<group>"; };
		08479E1824374A94005029C8 /* LessonModel.swift */ = {isa = PBXFileReference; lastKnownFileType = sourcecode.swift; path = LessonModel.swift; sourceTree = "<group>"; };
		08483D64240B655000B40B1F /* ModuleExpandableHeaderView.swift */ = {isa = PBXFileReference; lastKnownFileType = sourcecode.swift; path = ModuleExpandableHeaderView.swift; sourceTree = "<group>"; };
		08483D66240B6DF800B40B1F /* LessonItem.swift */ = {isa = PBXFileReference; lastKnownFileType = sourcecode.swift; path = LessonItem.swift; sourceTree = "<group>"; };
		08483D68240B882F00B40B1F /* CourseHeaderView.swift */ = {isa = PBXFileReference; lastKnownFileType = sourcecode.swift; path = CourseHeaderView.swift; sourceTree = "<group>"; };
		08483D6A240B8D9E00B40B1F /* CourseCommunityView.swift */ = {isa = PBXFileReference; lastKnownFileType = sourcecode.swift; path = CourseCommunityView.swift; sourceTree = "<group>"; };
		08483D6C240B8E1A00B40B1F /* CourseRatingView.swift */ = {isa = PBXFileReference; lastKnownFileType = sourcecode.swift; path = CourseRatingView.swift; sourceTree = "<group>"; };
		08483D6E240B8E4E00B40B1F /* PaddingLabel.swift */ = {isa = PBXFileReference; fileEncoding = 4; lastKnownFileType = sourcecode.swift; path = PaddingLabel.swift; sourceTree = "<group>"; };
		084E8793242516C6006B9524 /* CourseModel.swift */ = {isa = PBXFileReference; lastKnownFileType = sourcecode.swift; path = CourseModel.swift; sourceTree = "<group>"; };
		0856AA74241F6C1C00BFAE4F /* NetworkManager.swift */ = {isa = PBXFileReference; fileEncoding = 4; lastKnownFileType = sourcecode.swift; path = NetworkManager.swift; sourceTree = "<group>"; };
		0856AA75241F6C1C00BFAE4F /* CustomParser.swift */ = {isa = PBXFileReference; fileEncoding = 4; lastKnownFileType = sourcecode.swift; path = CustomParser.swift; sourceTree = "<group>"; };
		0856AA77241F6C1C00BFAE4F /* Endpoints.swift */ = {isa = PBXFileReference; fileEncoding = 4; lastKnownFileType = sourcecode.swift; path = Endpoints.swift; sourceTree = "<group>"; };
		0856AA78241F6C1C00BFAE4F /* Requests.swift */ = {isa = PBXFileReference; fileEncoding = 4; lastKnownFileType = sourcecode.swift; path = Requests.swift; sourceTree = "<group>"; };
		0856AA79241F6C1C00BFAE4F /* Parser.swift */ = {isa = PBXFileReference; fileEncoding = 4; lastKnownFileType = sourcecode.swift; path = Parser.swift; sourceTree = "<group>"; };
		0856AA7A241F6C1C00BFAE4F /* CustomError.swift */ = {isa = PBXFileReference; fileEncoding = 4; lastKnownFileType = sourcecode.swift; path = CustomError.swift; sourceTree = "<group>"; };
		0856AA7B241F6C1C00BFAE4F /* EndpointType.swift */ = {isa = PBXFileReference; fileEncoding = 4; lastKnownFileType = sourcecode.swift; path = EndpointType.swift; sourceTree = "<group>"; };
		0875B67D240DF9AD00669C5B /* VideoViewController.swift */ = {isa = PBXFileReference; lastKnownFileType = sourcecode.swift; path = VideoViewController.swift; sourceTree = "<group>"; };
		0875B67F240DFBDC00669C5B /* LessonViewController.swift */ = {isa = PBXFileReference; lastKnownFileType = sourcecode.swift; path = LessonViewController.swift; sourceTree = "<group>"; };
		0875B681240DFCE400669C5B /* IconableTabItem.swift */ = {isa = PBXFileReference; lastKnownFileType = sourcecode.swift; path = IconableTabItem.swift; sourceTree = "<group>"; };
		0875B685240E162600669C5B /* SettingsViewController.swift */ = {isa = PBXFileReference; lastKnownFileType = sourcecode.swift; path = SettingsViewController.swift; sourceTree = "<group>"; };
		0875B687240E165C00669C5B /* SettingsAdapter.swift */ = {isa = PBXFileReference; lastKnownFileType = sourcecode.swift; path = SettingsAdapter.swift; sourceTree = "<group>"; };
		0875B689240E185D00669C5B /* SettingsModel.swift */ = {isa = PBXFileReference; lastKnownFileType = sourcecode.swift; path = SettingsModel.swift; sourceTree = "<group>"; };
		0875B68B240E1C4D00669C5B /* SettingsHeaderItem.swift */ = {isa = PBXFileReference; lastKnownFileType = sourcecode.swift; path = SettingsHeaderItem.swift; sourceTree = "<group>"; };
		0875B68D240E263100669C5B /* SettingsLanguageItem.swift */ = {isa = PBXFileReference; lastKnownFileType = sourcecode.swift; path = SettingsLanguageItem.swift; sourceTree = "<group>"; };
		0875B68F240E284F00669C5B /* PickerViewManager.swift */ = {isa = PBXFileReference; fileEncoding = 4; lastKnownFileType = sourcecode.swift; path = PickerViewManager.swift; sourceTree = "<group>"; };
		0875DF1F2419FDB400CCB46B /* EditViewController.swift */ = {isa = PBXFileReference; lastKnownFileType = sourcecode.swift; path = EditViewController.swift; sourceTree = "<group>"; };
		0875DF212419FDBE00CCB46B /* EditAdapter.swift */ = {isa = PBXFileReference; lastKnownFileType = sourcecode.swift; path = EditAdapter.swift; sourceTree = "<group>"; };
		0875DF232419FDC900CCB46B /* EditModels.swift */ = {isa = PBXFileReference; lastKnownFileType = sourcecode.swift; path = EditModels.swift; sourceTree = "<group>"; };
		0875DF252419FE5900CCB46B /* EditValidator.swift */ = {isa = PBXFileReference; lastKnownFileType = sourcecode.swift; path = EditValidator.swift; sourceTree = "<group>"; };
		087D909524386199003E74BD /* ResponseModel.swift */ = {isa = PBXFileReference; lastKnownFileType = sourcecode.swift; path = ResponseModel.swift; sourceTree = "<group>"; };
		087D909724386B11003E74BD /* LoadingButton.swift */ = {isa = PBXFileReference; fileEncoding = 4; lastKnownFileType = sourcecode.swift; path = LoadingButton.swift; sourceTree = "<group>"; };
		088F4077240783D10094D854 /* SubscribedPackageItem.swift */ = {isa = PBXFileReference; lastKnownFileType = sourcecode.swift; path = SubscribedPackageItem.swift; sourceTree = "<group>"; };
		089A46A02402389F007068DB /* ByCategoryViewController.swift */ = {isa = PBXFileReference; lastKnownFileType = sourcecode.swift; path = ByCategoryViewController.swift; sourceTree = "<group>"; };
		089A46A2240238BF007068DB /* ByCategoryAdapter.swift */ = {isa = PBXFileReference; lastKnownFileType = sourcecode.swift; path = ByCategoryAdapter.swift; sourceTree = "<group>"; };
		08A0FF45243C44AF0000119B /* UITableViewController+FetchableMore.swift */ = {isa = PBXFileReference; lastKnownFileType = sourcecode.swift; path = "UITableViewController+FetchableMore.swift"; sourceTree = "<group>"; };
		08A73E252406471200244B9E /* PackageItem.swift */ = {isa = PBXFileReference; lastKnownFileType = sourcecode.swift; path = PackageItem.swift; sourceTree = "<group>"; };
		08A73E2724065B8D00244B9E /* IconableLabelView.swift */ = {isa = PBXFileReference; lastKnownFileType = sourcecode.swift; path = IconableLabelView.swift; sourceTree = "<group>"; };
		08A73E2A2406610400244B9E /* SubscribedCoursesViewController.swift */ = {isa = PBXFileReference; lastKnownFileType = sourcecode.swift; path = SubscribedCoursesViewController.swift; sourceTree = "<group>"; };
		08A73E2C2406613D00244B9E /* SubscribedCoursesAdapter.swift */ = {isa = PBXFileReference; lastKnownFileType = sourcecode.swift; path = SubscribedCoursesAdapter.swift; sourceTree = "<group>"; };
		08A937E62410D80F009C50C3 /* SettingsChangableItem.swift */ = {isa = PBXFileReference; lastKnownFileType = sourcecode.swift; path = SettingsChangableItem.swift; sourceTree = "<group>"; };
		08B0C73D240CBD1200D2AE79 /* CourseInfoHeaderView.swift */ = {isa = PBXFileReference; lastKnownFileType = sourcecode.swift; path = CourseInfoHeaderView.swift; sourceTree = "<group>"; };
		08B0C73F240CBFC500D2AE79 /* CourseInfoDescriptionItem.swift */ = {isa = PBXFileReference; lastKnownFileType = sourcecode.swift; path = CourseInfoDescriptionItem.swift; sourceTree = "<group>"; };
		08B0C741240CC6FB00D2AE79 /* CourseInfoTeacherItem.swift */ = {isa = PBXFileReference; lastKnownFileType = sourcecode.swift; path = CourseInfoTeacherItem.swift; sourceTree = "<group>"; };
		08B0C743240CCF2800D2AE79 /* CourseInfoSkillsItem.swift */ = {isa = PBXFileReference; lastKnownFileType = sourcecode.swift; path = CourseInfoSkillsItem.swift; sourceTree = "<group>"; };
		08B0C745240CD41F00D2AE79 /* CourseInfoLanguageItem.swift */ = {isa = PBXFileReference; lastKnownFileType = sourcecode.swift; path = CourseInfoLanguageItem.swift; sourceTree = "<group>"; };
		08BCDB5F244835ED00ABCC99 /* LessonDrawlable.swift */ = {isa = PBXFileReference; lastKnownFileType = sourcecode.swift; path = LessonDrawlable.swift; sourceTree = "<group>"; };
		08BCDB6124483CCA00ABCC99 /* LessonPageModel.swift */ = {isa = PBXFileReference; lastKnownFileType = sourcecode.swift; path = LessonPageModel.swift; sourceTree = "<group>"; };
		08C981A92423BDDD00B2A802 /* GeneralPaginationModel.swift */ = {isa = PBXFileReference; lastKnownFileType = sourcecode.swift; path = GeneralPaginationModel.swift; sourceTree = "<group>"; };
		08C981AB2423BF5600B2A802 /* PostModel.swift */ = {isa = PBXFileReference; lastKnownFileType = sourcecode.swift; path = PostModel.swift; sourceTree = "<group>"; };
		08C981AE2423E2AF00B2A802 /* MessageBackgroundView.swift */ = {isa = PBXFileReference; fileEncoding = 4; lastKnownFileType = sourcecode.swift; path = MessageBackgroundView.swift; sourceTree = "<group>"; };
		08CF860A241B9085009F31FE /* Skilltem.swift */ = {isa = PBXFileReference; lastKnownFileType = sourcecode.swift; path = Skilltem.swift; sourceTree = "<group>"; };
		08CF860C241B9446009F31FE /* DynamicHeightCollectionView.swift */ = {isa = PBXFileReference; lastKnownFileType = sourcecode.swift; path = DynamicHeightCollectionView.swift; sourceTree = "<group>"; };
		08D2DA402413686D001EC235 /* ProfileViewController.swift */ = {isa = PBXFileReference; lastKnownFileType = sourcecode.swift; path = ProfileViewController.swift; sourceTree = "<group>"; };
		08D2DA4224136880001EC235 /* ProfileAdapter.swift */ = {isa = PBXFileReference; lastKnownFileType = sourcecode.swift; path = ProfileAdapter.swift; sourceTree = "<group>"; };
		08D551532454503F002DC8E7 /* CourseInfoSkillTitleItem.swift */ = {isa = PBXFileReference; lastKnownFileType = sourcecode.swift; path = CourseInfoSkillTitleItem.swift; sourceTree = "<group>"; };
		08E13045244AEA4D0086D5BC /* LanguageModel.swift */ = {isa = PBXFileReference; lastKnownFileType = sourcecode.swift; path = LanguageModel.swift; sourceTree = "<group>"; };
		08E1D3F023FBB1BB006E3042 /* AuthorizationViewController.swift */ = {isa = PBXFileReference; lastKnownFileType = sourcecode.swift; path = AuthorizationViewController.swift; sourceTree = "<group>"; };
		08E1D3F323FBB278006E3042 /* UINavigationController+Extenstions.swift */ = {isa = PBXFileReference; lastKnownFileType = sourcecode.swift; path = "UINavigationController+Extenstions.swift"; sourceTree = "<group>"; };
		08E1D3F623FBB2EC006E3042 /* NavigationController.swift */ = {isa = PBXFileReference; fileEncoding = 4; lastKnownFileType = sourcecode.swift; path = NavigationController.swift; sourceTree = "<group>"; };
		08E1D3F823FBB313006E3042 /* UIViewController+Extenstions.swift */ = {isa = PBXFileReference; lastKnownFileType = sourcecode.swift; path = "UIViewController+Extenstions.swift"; sourceTree = "<group>"; };
		08E1D3FB23FBB4E6006E3042 /* AppTitle.swift */ = {isa = PBXFileReference; lastKnownFileType = sourcecode.swift; path = AppTitle.swift; sourceTree = "<group>"; };
		08E1D40123FBB821006E3042 /* FloatingTextField.swift */ = {isa = PBXFileReference; lastKnownFileType = sourcecode.swift; path = FloatingTextField.swift; sourceTree = "<group>"; };
		08E1D40423FBB8C5006E3042 /* AppColor.swift */ = {isa = PBXFileReference; lastKnownFileType = sourcecode.swift; path = AppColor.swift; sourceTree = "<group>"; };
		08E1D40623FBBA23006E3042 /* SecureTextField.swift */ = {isa = PBXFileReference; lastKnownFileType = sourcecode.swift; path = SecureTextField.swift; sourceTree = "<group>"; };
		08E1D40823FBBCBB006E3042 /* FloatingTextFieldItem.swift */ = {isa = PBXFileReference; lastKnownFileType = sourcecode.swift; path = FloatingTextFieldItem.swift; sourceTree = "<group>"; };
		08E1D40A23FBBEB7006E3042 /* String+Extensions.swift */ = {isa = PBXFileReference; lastKnownFileType = sourcecode.swift; path = "String+Extensions.swift"; sourceTree = "<group>"; };
		08E1D40C23FBBED8006E3042 /* UITableViewCell+Extensions.swift */ = {isa = PBXFileReference; lastKnownFileType = sourcecode.swift; path = "UITableViewCell+Extensions.swift"; sourceTree = "<group>"; };
		08E1D40E23FBC1F3006E3042 /* AuthorizationViewModel.swift */ = {isa = PBXFileReference; lastKnownFileType = sourcecode.swift; path = AuthorizationViewModel.swift; sourceTree = "<group>"; };
		08E1D41023FBC4C2006E3042 /* AuthorizationAdapter.swift */ = {isa = PBXFileReference; lastKnownFileType = sourcecode.swift; path = AuthorizationAdapter.swift; sourceTree = "<group>"; };
		08E1D41223FBC81C006E3042 /* FilledButtonItem.swift */ = {isa = PBXFileReference; lastKnownFileType = sourcecode.swift; path = FilledButtonItem.swift; sourceTree = "<group>"; };
		08E1D41423FBC847006E3042 /* FilledButton.swift */ = {isa = PBXFileReference; lastKnownFileType = sourcecode.swift; path = FilledButton.swift; sourceTree = "<group>"; };
		08E1D41623FBCACD006E3042 /* DefaultButtonItem.swift */ = {isa = PBXFileReference; lastKnownFileType = sourcecode.swift; path = DefaultButtonItem.swift; sourceTree = "<group>"; };
		08E1D41923FBDACF006E3042 /* Stylizing.swift */ = {isa = PBXFileReference; lastKnownFileType = sourcecode.swift; path = Stylizing.swift; sourceTree = "<group>"; };
		08E1D41B23FC0892006E3042 /* OTPItem.swift */ = {isa = PBXFileReference; lastKnownFileType = sourcecode.swift; path = OTPItem.swift; sourceTree = "<group>"; };
		08E1D41D23FC08C6006E3042 /* OTPTextField.swift */ = {isa = PBXFileReference; lastKnownFileType = sourcecode.swift; path = OTPTextField.swift; sourceTree = "<group>"; };
		08E1D41F23FC0C6A006E3042 /* UIView+Extensions.swift */ = {isa = PBXFileReference; lastKnownFileType = sourcecode.swift; path = "UIView+Extensions.swift"; sourceTree = "<group>"; };
		08E1D42123FC0FAC006E3042 /* UIStackView+Extensions.swift */ = {isa = PBXFileReference; lastKnownFileType = sourcecode.swift; path = "UIStackView+Extensions.swift"; sourceTree = "<group>"; };
		08E1D42323FC38C4006E3042 /* MessageItem.swift */ = {isa = PBXFileReference; lastKnownFileType = sourcecode.swift; path = MessageItem.swift; sourceTree = "<group>"; };
		08F54F7F24580C6E001D7A55 /* Int+Ext.swift */ = {isa = PBXFileReference; fileEncoding = 4; lastKnownFileType = sourcecode.swift; path = "Int+Ext.swift"; sourceTree = "<group>"; };
		08FCD8352442E742007F058A /* SearchDrawlable.swift */ = {isa = PBXFileReference; lastKnownFileType = sourcecode.swift; path = SearchDrawlable.swift; sourceTree = "<group>"; };
		08FCD8372442F52B007F058A /* RetryBackgroundView.swift */ = {isa = PBXFileReference; fileEncoding = 4; lastKnownFileType = sourcecode.swift; path = RetryBackgroundView.swift; sourceTree = "<group>"; };
		392A17BE6ABD807B886A68CE /* Pods-Study.debug.xcconfig */ = {isa = PBXFileReference; includeInIndex = 1; lastKnownFileType = text.xcconfig; name = "Pods-Study.debug.xcconfig"; path = "Target Support Files/Pods-Study/Pods-Study.debug.xcconfig"; sourceTree = "<group>"; };
		3CC7ABAAC8BD399282CA6677 /* Pods-Study.release.xcconfig */ = {isa = PBXFileReference; includeInIndex = 1; lastKnownFileType = text.xcconfig; name = "Pods-Study.release.xcconfig"; path = "Target Support Files/Pods-Study/Pods-Study.release.xcconfig"; sourceTree = "<group>"; };
		50CA6ACFDE41D6E3BA3EA7AA /* Pods_Study.framework */ = {isa = PBXFileReference; explicitFileType = wrapper.framework; includeInIndex = 0; path = Pods_Study.framework; sourceTree = BUILT_PRODUCTS_DIR; };
/* End PBXFileReference section */

/* Begin PBXFrameworksBuildPhase section */
		08089F2223FA6CC900EFDD85 /* Frameworks */ = {
			isa = PBXFrameworksBuildPhase;
			buildActionMask = 2147483647;
			files = (
				4AD76D50A3B7452E87059F81 /* Pods_Study.framework in Frameworks */,
			);
			runOnlyForDeploymentPostprocessing = 0;
		};
/* End PBXFrameworksBuildPhase section */

/* Begin PBXGroup section */
		080858812446EA9100BBC996 /* View Pager */ = {
			isa = PBXGroup;
			children = (
				0808589024470FBE00BBC996 /* ViewPager.swift */,
				0808588C244703AC00BBC996 /* ViewPagerTabView.swift */,
				0808588E2447040200BBC996 /* ViewPagerTabItem.swift */,
				0808588A244702E100BBC996 /* ViewPagerTab.swift */,
				080858842446EAC300BBC996 /* ViewPagerOptions.swift */,
			);
			path = "View Pager";
			sourceTree = "<group>";
		};
		08089F1C23FA6CC800EFDD85 = {
			isa = PBXGroup;
			children = (
				08089F2723FA6CC900EFDD85 /* Study */,
				08089F2623FA6CC900EFDD85 /* Products */,
				DCA8EF9B01D0A38945A8036C /* Pods */,
				F3C1D98DBDC4125AAE3275EF /* Frameworks */,
			);
			sourceTree = "<group>";
		};
		08089F2623FA6CC900EFDD85 /* Products */ = {
			isa = PBXGroup;
			children = (
				08089F2523FA6CC900EFDD85 /* Study.app */,
			);
			name = Products;
			sourceTree = "<group>";
		};
		08089F2723FA6CC900EFDD85 /* Study */ = {
			isa = PBXGroup;
			children = (
				08E1302F2449FB2E0086D5BC /* Localizations */,
				08E1D3F223FBB25A006E3042 /* Helpers */,
				08E1D3EE23FBB188006E3042 /* AppDelegate */,
				08E1D3ED23FBB180006E3042 /* Module */,
				08089F2F23FA6CCE00EFDD85 /* Assets.xcassets */,
				08089F3423FA6CCE00EFDD85 /* Info.plist */,
				080A5922244C3B8000A9B879 /* LaunchScreen.storyboard */,
			);
			path = Study;
			sourceTree = "<group>";
		};
		082B1D102400EAF800316D24 /* Main */ = {
			isa = PBXGroup;
			children = (
				082B1D112400EB2400316D24 /* MainViewController.swift */,
				082B1D132400EB4800316D24 /* MainAdapter.swift */,
			);
			path = Main;
			sourceTree = "<group>";
		};
		082D6A962439B814009B3816 /* UIManagers */ = {
			isa = PBXGroup;
			children = (
				083081552413916100947567 /* DatePickerManager.swift */,
				0875B68F240E284F00669C5B /* PickerViewManager.swift */,
			);
			path = UIManagers;
			sourceTree = "<group>";
		};
		082D6A972439B839009B3816 /* StorageManager */ = {
			isa = PBXGroup;
			children = (
				082D6A982439BF5A009B3816 /* StorageManager.swift */,
			);
			path = StorageManager;
			sourceTree = "<group>";
		};
		082DAEC1241758B300F025E4 /* Collection view */ = {
			isa = PBXGroup;
			children = (
				083081592413974F00947567 /* CertificateItem.swift */,
				082DAEBF2417573300F025E4 /* VariantItem.swift */,
				0875B681240DFCE400669C5B /* IconableTabItem.swift */,
				08CF860A241B9085009F31FE /* Skilltem.swift */,
			);
			path = "Collection view";
			sourceTree = "<group>";
		};
		082DAEC2241758BD00F025E4 /* Table view */ = {
			isa = PBXGroup;
			children = (
				08E1D41B23FC0892006E3042 /* OTPItem.swift */,
				0840505823FE717700A084A4 /* ReviewItem.swift */,
				082B1D182400F43500316D24 /* PostItem.swift */,
				08A73E252406471200244B9E /* PackageItem.swift */,
				08E1D42323FC38C4006E3042 /* MessageItem.swift */,
				08B0C745240CD41F00D2AE79 /* CourseInfoLanguageItem.swift */,
				08B0C741240CC6FB00D2AE79 /* CourseInfoTeacherItem.swift */,
				08B0C73F240CBFC500D2AE79 /* CourseInfoDescriptionItem.swift */,
				0875B68B240E1C4D00669C5B /* SettingsHeaderItem.swift */,
				088F4077240783D10094D854 /* SubscribedPackageItem.swift */,
				08B0C743240CCF2800D2AE79 /* CourseInfoSkillsItem.swift */,
				08E1D41623FBCACD006E3042 /* DefaultButtonItem.swift */,
				08483D66240B6DF800B40B1F /* LessonItem.swift */,
				083081572413963000947567 /* ProfileCertificateItem.swift */,
				0875B68D240E263100669C5B /* SettingsLanguageItem.swift */,
				083081522413884F00947567 /* ProfileNotificationItem.swift */,
				0830814E24136E6400947567 /* ProfileStatisticsItem.swift */,
				08E1D41223FBC81C006E3042 /* FilledButtonItem.swift */,
				08A937E62410D80F009C50C3 /* SettingsChangableItem.swift */,
				08E1D40823FBBCBB006E3042 /* FloatingTextFieldItem.swift */,
				08D551532454503F002DC8E7 /* CourseInfoSkillTitleItem.swift */,
			);
			path = "Table view";
			sourceTree = "<group>";
		};
		083081542413911300947567 /* Managers */ = {
			isa = PBXGroup;
			children = (
				082D6A972439B839009B3816 /* StorageManager */,
				082D6A962439B814009B3816 /* UIManagers */,
				0856AA73241F6C1C00BFAE4F /* NetworkManager */,
			);
			path = Managers;
			sourceTree = "<group>";
		};
		0837078F2418C7A8008A85FB /* Bar Chart */ = {
			isa = PBXGroup;
			children = (
				083707ED2418C88D008A85FB /* Chart */,
				083707DA2418C820008A85FB /* Shared */,
			);
			path = "Bar Chart";
			sourceTree = "<group>";
		};
		083707DA2418C820008A85FB /* Shared */ = {
			isa = PBXGroup;
			children = (
				083707DB2418C843008A85FB /* CALayerExtension.swift */,
				083707DC2418C843008A85FB /* CustomSegments.swift */,
				083707DF2418C846008A85FB /* DataEntry.swift */,
			);
			path = Shared;
			sourceTree = "<group>";
		};
		083707ED2418C88D008A85FB /* Chart */ = {
			isa = PBXGroup;
			children = (
				083707DD2418C844008A85FB /* BasicBarChart.swift */,
				083707E12418C847008A85FB /* BasicBarChartPresenter.swift */,
				083707E22418C848008A85FB /* BasicBarEntry.swift */,
			);
			path = Chart;
			sourceTree = "<group>";
		};
		0840502423FCEB2C00A084A4 /* Restore Password */ = {
			isa = PBXGroup;
			children = (
				0840502523FCEFCD00A084A4 /* RestorePasswordViewController.swift */,
				0840502923FCEFF600A084A4 /* RestorePasswordModel.swift */,
				0840502723FCEFE500A084A4 /* RestorePasswordAdapter.swift */,
				0840502B23FCF02F00A084A4 /* RestorePasswordValidator.swift */,
			);
			path = "Restore Password";
			sourceTree = "<group>";
		};
		0840502D23FE3F8F00A084A4 /* Course Details */ = {
			isa = PBXGroup;
			children = (
				0840505023FE6B2900A084A4 /* Info */,
				0840503923FE51BB00A084A4 /* Modules */,
				0840503823FE51B300A084A4 /* Reviews */,
				0840502E23FE403600A084A4 /* CourseDetailsViewController.swift */,
				0840503223FE41D500A084A4 /* CourseDetailsPagerViewController.swift */,
			);
			path = "Course Details";
			sourceTree = "<group>";
		};
		0840503823FE51B300A084A4 /* Reviews */ = {
			isa = PBXGroup;
			children = (
				0840503623FE424F00A084A4 /* CourseReviewsViewController.swift */,
				0840503C23FE526C00A084A4 /* CourseReviewsAdapter.swift */,
				082DF68D245D60D4009C3F46 /* ReviewViewController.swift */,
			);
			path = Reviews;
			sourceTree = "<group>";
		};
		0840503923FE51BB00A084A4 /* Modules */ = {
			isa = PBXGroup;
			children = (
				0840503423FE422900A084A4 /* CourseModulesViewController.swift */,
				0840503A23FE524300A084A4 /* CourseModulesAdapter.swift */,
			);
			path = Modules;
			sourceTree = "<group>";
		};
		0840505023FE6B2900A084A4 /* Info */ = {
			isa = PBXGroup;
			children = (
				0840505123FE6B5800A084A4 /* CourseInfoViewController.swift */,
				0840505323FE6B6B00A084A4 /* CourseInfoAdapter.swift */,
			);
			path = Info;
			sourceTree = "<group>";
		};
		0840505523FE6E2400A084A4 /* Headers */ = {
			isa = PBXGroup;
			children = (
				0840505623FE6E4A00A084A4 /* MessageHeaderView.swift */,
				08483D68240B882F00B40B1F /* CourseHeaderView.swift */,
				08B0C73D240CBD1200D2AE79 /* CourseInfoHeaderView.swift */,
				08483D64240B655000B40B1F /* ModuleExpandableHeaderView.swift */,
				0830814C24136CC500947567 /* ProfileHeaderView.swift */,
			);
			path = Headers;
			sourceTree = "<group>";
		};
		0856AA73241F6C1C00BFAE4F /* NetworkManager */ = {
			isa = PBXGroup;
			children = (
				0856AA76241F6C1C00BFAE4F /* Request */,
				0856AA74241F6C1C00BFAE4F /* NetworkManager.swift */,
				0856AA75241F6C1C00BFAE4F /* CustomParser.swift */,
				0856AA79241F6C1C00BFAE4F /* Parser.swift */,
				0856AA7A241F6C1C00BFAE4F /* CustomError.swift */,
				0856AA7B241F6C1C00BFAE4F /* EndpointType.swift */,
			);
			path = NetworkManager;
			sourceTree = "<group>";
		};
		0856AA76241F6C1C00BFAE4F /* Request */ = {
			isa = PBXGroup;
			children = (
				0856AA77241F6C1C00BFAE4F /* Endpoints.swift */,
				0856AA78241F6C1C00BFAE4F /* Requests.swift */,
			);
			path = Request;
			sourceTree = "<group>";
		};
		0875B679240DF8E200669C5B /* Lesson */ = {
			isa = PBXGroup;
			children = (
				0875B67C240DF97B00669C5B /* Questions */,
				0875B67A240DF8FC00669C5B /* Video */,
				0875B67F240DFBDC00669C5B /* LessonViewController.swift */,
			);
			path = Lesson;
			sourceTree = "<group>";
		};
		0875B67A240DF8FC00669C5B /* Video */ = {
			isa = PBXGroup;
			children = (
				0875B67D240DF9AD00669C5B /* VideoViewController.swift */,
			);
			path = Video;
			sourceTree = "<group>";
		};
		0875B67C240DF97B00669C5B /* Questions */ = {
			isa = PBXGroup;
			children = (
				082DAEBA241754A300F025E4 /* QuestionsViewController.swift */,
			);
			path = Questions;
			sourceTree = "<group>";
		};
		0875B683240E15FA00669C5B /* Settings */ = {
			isa = PBXGroup;
			children = (
				0875B685240E162600669C5B /* SettingsViewController.swift */,
				0875B687240E165C00669C5B /* SettingsAdapter.swift */,
				0875B689240E185D00669C5B /* SettingsModel.swift */,
			);
			path = Settings;
			sourceTree = "<group>";
		};
		0875DF1E2419FD9200CCB46B /* Edit  */ = {
			isa = PBXGroup;
			children = (
				0875DF1F2419FDB400CCB46B /* EditViewController.swift */,
				0875DF212419FDBE00CCB46B /* EditAdapter.swift */,
				0875DF232419FDC900CCB46B /* EditModels.swift */,
				0875DF252419FE5900CCB46B /* EditValidator.swift */,
			);
			path = "Edit ";
			sourceTree = "<group>";
		};
		089A469D2402384F007068DB /* Search */ = {
			isa = PBXGroup;
			children = (
				08085892244719A200BBC996 /* CategoryViewController.swift */,
				0829FAE22403847F000CACCF /* SearchViewController.swift */,
				089A46A02402389F007068DB /* ByCategoryViewController.swift */,
				089A46A2240238BF007068DB /* ByCategoryAdapter.swift */,
			);
			path = Search;
			sourceTree = "<group>";
		};
		08A73E292406609700244B9E /* Subscribed Courses */ = {
			isa = PBXGroup;
			children = (
				08A73E2A2406610400244B9E /* SubscribedCoursesViewController.swift */,
				08A73E2C2406613D00244B9E /* SubscribedCoursesAdapter.swift */,
			);
			path = "Subscribed Courses";
			sourceTree = "<group>";
		};
		08C981A72423BD3400B2A802 /* Models */ = {
			isa = PBXGroup;
			children = (
				08C981A82423BD4E00B2A802 /* Base */,
				08C981AB2423BF5600B2A802 /* PostModel.swift */,
				084E8793242516C6006B9524 /* CourseModel.swift */,
				08479E14243731A4005029C8 /* ModuleModel.swift */,
				08479E1624373CD8005029C8 /* ReviewModel.swift */,
				08479E1824374A94005029C8 /* LessonModel.swift */,
				082D6A942439B72F009B3816 /* AuthModel.swift */,
				083DDF03243F078F00EA917D /* CategoryModel.swift */,
				08BCDB6124483CCA00ABCC99 /* LessonPageModel.swift */,
				08E13045244AEA4D0086D5BC /* LanguageModel.swift */,
			);
			path = Models;
			sourceTree = "<group>";
		};
		08C981A82423BD4E00B2A802 /* Base */ = {
			isa = PBXGroup;
			children = (
				08C981A92423BDDD00B2A802 /* GeneralPaginationModel.swift */,
				087D909524386199003E74BD /* ResponseModel.swift */,
			);
			path = Base;
			sourceTree = "<group>";
		};
		08C981AD2423E29800B2A802 /* Backgrounds */ = {
			isa = PBXGroup;
			children = (
				08FCD8372442F52B007F058A /* RetryBackgroundView.swift */,
				083DDF0524403DD600EA917D /* LoadingBackgroundView.swift */,
				08C981AE2423E2AF00B2A802 /* MessageBackgroundView.swift */,
			);
			path = Backgrounds;
			sourceTree = "<group>";
		};
		08D2DA3F241366E4001EC235 /* Profile */ = {
			isa = PBXGroup;
			children = (
				08D2DA402413686D001EC235 /* ProfileViewController.swift */,
				08D2DA4224136880001EC235 /* ProfileAdapter.swift */,
				0830815024136FA800947567 /* ProfileModels.swift */,
			);
			path = Profile;
			sourceTree = "<group>";
		};
		08E1302F2449FB2E0086D5BC /* Localizations */ = {
			isa = PBXGroup;
			children = (
				080A5928244C3C0600A9B879 /* Localizable.strings */,
			);
			path = Localizations;
			sourceTree = "<group>";
		};
		08E1D3ED23FBB180006E3042 /* Module */ = {
			isa = PBXGroup;
			children = (
				08E1D3F523FBB2BC006E3042 /* Base */,
				08D2DA3F241366E4001EC235 /* Profile */,
				0875DF1E2419FD9200CCB46B /* Edit  */,
				082B1D102400EAF800316D24 /* Main */,
				0840502D23FE3F8F00A084A4 /* Course Details */,
				089A469D2402384F007068DB /* Search */,
				08A73E292406609700244B9E /* Subscribed Courses */,
				0875B679240DF8E200669C5B /* Lesson */,
				0875B683240E15FA00669C5B /* Settings */,
				0840502423FCEB2C00A084A4 /* Restore Password */,
				08E1D3EF23FBB1A3006E3042 /* Authorization */,
			);
			path = Module;
			sourceTree = "<group>";
		};
		08E1D3EE23FBB188006E3042 /* AppDelegate */ = {
			isa = PBXGroup;
			children = (
				08089F2823FA6CC900EFDD85 /* AppDelegate.swift */,
			);
			path = AppDelegate;
			sourceTree = "<group>";
		};
		08E1D3EF23FBB1A3006E3042 /* Authorization */ = {
			isa = PBXGroup;
			children = (
				08E1D3F023FBB1BB006E3042 /* AuthorizationViewController.swift */,
				08E1D40E23FBC1F3006E3042 /* AuthorizationViewModel.swift */,
				08E1D41023FBC4C2006E3042 /* AuthorizationAdapter.swift */,
				0840502223FCE93800A084A4 /* AuthorizationValidator.swift */,
			);
			path = Authorization;
			sourceTree = "<group>";
		};
		08E1D3F223FBB25A006E3042 /* Helpers */ = {
			isa = PBXGroup;
			children = (
				08E1D41823FBDAB7006E3042 /* Stylizing */,
				08C981A72423BD3400B2A802 /* Models */,
				083081542413911300947567 /* Managers */,
				08E1D3FE23FBB700006E3042 /* Reusable views */,
				08E1D3FD23FBB53E006E3042 /* Extenstions */,
				08E1D3FA23FBB4D4006E3042 /* Constants */,
			);
			path = Helpers;
			sourceTree = "<group>";
		};
		08E1D3F523FBB2BC006E3042 /* Base */ = {
			isa = PBXGroup;
			children = (
				0840503023FE405F00A084A4 /* ScrollViewController.swift */,
				08E1D3F623FBB2EC006E3042 /* NavigationController.swift */,
				082B1D162400F0D200316D24 /* TabBarViewController.swift */,
			);
			path = Base;
			sourceTree = "<group>";
		};
		08E1D3FA23FBB4D4006E3042 /* Constants */ = {
			isa = PBXGroup;
			children = (
				08E1D3FB23FBB4E6006E3042 /* AppTitle.swift */,
				08E1D40423FBB8C5006E3042 /* AppColor.swift */,
				082DAEC424175D4A00F025E4 /* AppSize.swift */,
				082D6A9A2439BF75009B3816 /* AppKey.swift */,
				082D6A9C2439C279009B3816 /* AppErrorMessage.swift */,
			);
			path = Constants;
			sourceTree = "<group>";
		};
		08E1D3FD23FBB53E006E3042 /* Extenstions */ = {
			isa = PBXGroup;
			children = (
				08A0FF45243C44AF0000119B /* UITableViewController+FetchableMore.swift */,
				08E1D3F323FBB278006E3042 /* UINavigationController+Extenstions.swift */,
				08479E1224371E0B005029C8 /* UIEdgeInsets+Extensions.swift */,
				08E1D3F823FBB313006E3042 /* UIViewController+Extenstions.swift */,
				08E1D40C23FBBED8006E3042 /* UITableViewCell+Extensions.swift */,
				08E1D41F23FC0C6A006E3042 /* UIView+Extensions.swift */,
				08E1D42123FC0FAC006E3042 /* UIStackView+Extensions.swift */,
				0829FAE424039B92000CACCF /* UILabel+Extenstions.swift */,
				0830815B241399DD00947567 /* UICollectionViewCell+Extensions.swift */,
				083707EE2418C962008A85FB /* UIBezierPath+Extensions.swift */,
				08E1D40A23FBBEB7006E3042 /* String+Extensions.swift */,
				083707EB2418C862008A85FB /* Array+Extensions.swift */,
				082D6A9E2439C6CA009B3816 /* NSNotification.Name+Extensions.swift */,
				08F54F7F24580C6E001D7A55 /* Int+Ext.swift */,
			);
			path = Extenstions;
			sourceTree = "<group>";
		};
		08E1D3FE23FBB700006E3042 /* Reusable views */ = {
			isa = PBXGroup;
			children = (
				08C981AD2423E29800B2A802 /* Backgrounds */,
				08E1D40023FBB732006E3042 /* Views */,
				0840505523FE6E2400A084A4 /* Headers */,
				08E1D3FF23FBB71F006E3042 /* Items */,
			);
			path = "Reusable views";
			sourceTree = "<group>";
		};
		08E1D3FF23FBB71F006E3042 /* Items */ = {
			isa = PBXGroup;
			children = (
				082DAEC2241758BD00F025E4 /* Table view */,
				082DAEC1241758B300F025E4 /* Collection view */,
			);
			path = Items;
			sourceTree = "<group>";
		};
		08E1D40023FBB732006E3042 /* Views */ = {
			isa = PBXGroup;
			children = (
				080858812446EA9100BBC996 /* View Pager */,
				0837078F2418C7A8008A85FB /* Bar Chart */,
				08483D6E240B8E4E00B40B1F /* PaddingLabel.swift */,
				08E1D40123FBB821006E3042 /* FloatingTextField.swift */,
				08E1D40623FBBA23006E3042 /* SecureTextField.swift */,
				08E1D41423FBC847006E3042 /* FilledButton.swift */,
				08E1D41D23FC08C6006E3042 /* OTPTextField.swift */,
				08A73E2724065B8D00244B9E /* IconableLabelView.swift */,
				08483D6A240B8D9E00B40B1F /* CourseCommunityView.swift */,
				08483D6C240B8E1A00B40B1F /* CourseRatingView.swift */,
				082DAEBD241755E300F025E4 /* VariantCollectionView.swift */,
				08CF860C241B9446009F31FE /* DynamicHeightCollectionView.swift */,
				082E268B242654C300C6E32D /* LoadMoreSpinnerView.swift */,
				087D909724386B11003E74BD /* LoadingButton.swift */,
			);
			path = Views;
			sourceTree = "<group>";
		};
		08E1D41823FBDAB7006E3042 /* Stylizing */ = {
			isa = PBXGroup;
			children = (
				08E1D41923FBDACF006E3042 /* Stylizing.swift */,
				08FCD8352442E742007F058A /* SearchDrawlable.swift */,
				08BCDB5F244835ED00ABCC99 /* LessonDrawlable.swift */,
			);
			path = Stylizing;
			sourceTree = "<group>";
		};
		DCA8EF9B01D0A38945A8036C /* Pods */ = {
			isa = PBXGroup;
			children = (
				392A17BE6ABD807B886A68CE /* Pods-Study.debug.xcconfig */,
				3CC7ABAAC8BD399282CA6677 /* Pods-Study.release.xcconfig */,
			);
			path = Pods;
			sourceTree = "<group>";
		};
		F3C1D98DBDC4125AAE3275EF /* Frameworks */ = {
			isa = PBXGroup;
			children = (
				50CA6ACFDE41D6E3BA3EA7AA /* Pods_Study.framework */,
			);
			name = Frameworks;
			sourceTree = "<group>";
		};
/* End PBXGroup section */

/* Begin PBXNativeTarget section */
		08089F2423FA6CC900EFDD85 /* Study */ = {
			isa = PBXNativeTarget;
			buildConfigurationList = 08089F3723FA6CCE00EFDD85 /* Build configuration list for PBXNativeTarget "Study" */;
			buildPhases = (
				1AB69C6B44E6BCFFD3147653 /* [CP] Check Pods Manifest.lock */,
				08089F2123FA6CC900EFDD85 /* Sources */,
				08089F2223FA6CC900EFDD85 /* Frameworks */,
				08089F2323FA6CC900EFDD85 /* Resources */,
				67FE78389F85185B6FE6A96C /* [CP] Embed Pods Frameworks */,
			);
			buildRules = (
			);
			dependencies = (
			);
			name = Study;
			productName = Study;
			productReference = 08089F2523FA6CC900EFDD85 /* Study.app */;
			productType = "com.apple.product-type.application";
		};
/* End PBXNativeTarget section */

/* Begin PBXProject section */
		08089F1D23FA6CC800EFDD85 /* Project object */ = {
			isa = PBXProject;
			attributes = {
				LastSwiftUpdateCheck = 1030;
				LastUpgradeCheck = 1030;
				ORGANIZATIONNAME = Shyngys;
				TargetAttributes = {
					08089F2423FA6CC900EFDD85 = {
						CreatedOnToolsVersion = 10.3;
					};
				};
			};
			buildConfigurationList = 08089F2023FA6CC800EFDD85 /* Build configuration list for PBXProject "Study" */;
			compatibilityVersion = "Xcode 9.3";
			developmentRegion = en;
			hasScannedForEncodings = 0;
			knownRegions = (
				Base,
				ru,
				"kk-KZ",
				en,
			);
			mainGroup = 08089F1C23FA6CC800EFDD85;
			productRefGroup = 08089F2623FA6CC900EFDD85 /* Products */;
			projectDirPath = "";
			projectRoot = "";
			targets = (
				08089F2423FA6CC900EFDD85 /* Study */,
			);
		};
/* End PBXProject section */

/* Begin PBXResourcesBuildPhase section */
		08089F2323FA6CC900EFDD85 /* Resources */ = {
			isa = PBXResourcesBuildPhase;
			buildActionMask = 2147483647;
			files = (
				080A5923244C3B8000A9B879 /* LaunchScreen.storyboard in Resources */,
				080A5926244C3C0600A9B879 /* Localizable.strings in Resources */,
				08089F3023FA6CCE00EFDD85 /* Assets.xcassets in Resources */,
			);
			runOnlyForDeploymentPostprocessing = 0;
		};
/* End PBXResourcesBuildPhase section */

/* Begin PBXShellScriptBuildPhase section */
		1AB69C6B44E6BCFFD3147653 /* [CP] Check Pods Manifest.lock */ = {
			isa = PBXShellScriptBuildPhase;
			buildActionMask = 2147483647;
			files = (
			);
			inputFileListPaths = (
			);
			inputPaths = (
				"${PODS_PODFILE_DIR_PATH}/Podfile.lock",
				"${PODS_ROOT}/Manifest.lock",
			);
			name = "[CP] Check Pods Manifest.lock";
			outputFileListPaths = (
			);
			outputPaths = (
				"$(DERIVED_FILE_DIR)/Pods-Study-checkManifestLockResult.txt",
			);
			runOnlyForDeploymentPostprocessing = 0;
			shellPath = /bin/sh;
			shellScript = "diff \"${PODS_PODFILE_DIR_PATH}/Podfile.lock\" \"${PODS_ROOT}/Manifest.lock\" > /dev/null\nif [ $? != 0 ] ; then\n    # print error to STDERR\n    echo \"error: The sandbox is not in sync with the Podfile.lock. Run 'pod install' or update your CocoaPods installation.\" >&2\n    exit 1\nfi\n# This output is used by Xcode 'outputs' to avoid re-running this script phase.\necho \"SUCCESS\" > \"${SCRIPT_OUTPUT_FILE_0}\"\n";
			showEnvVarsInLog = 0;
		};
		67FE78389F85185B6FE6A96C /* [CP] Embed Pods Frameworks */ = {
			isa = PBXShellScriptBuildPhase;
			buildActionMask = 2147483647;
			files = (
			);
			inputFileListPaths = (
				"${PODS_ROOT}/Target Support Files/Pods-Study/Pods-Study-frameworks-${CONFIGURATION}-input-files.xcfilelist",
			);
			name = "[CP] Embed Pods Frameworks";
			outputFileListPaths = (
				"${PODS_ROOT}/Target Support Files/Pods-Study/Pods-Study-frameworks-${CONFIGURATION}-output-files.xcfilelist",
			);
			runOnlyForDeploymentPostprocessing = 0;
			shellPath = /bin/sh;
			shellScript = "\"${PODS_ROOT}/Target Support Files/Pods-Study/Pods-Study-frameworks.sh\"\n";
			showEnvVarsInLog = 0;
		};
/* End PBXShellScriptBuildPhase section */

/* Begin PBXSourcesBuildPhase section */
		08089F2123FA6CC900EFDD85 /* Sources */ = {
			isa = PBXSourcesBuildPhase;
			buildActionMask = 2147483647;
			files = (
				08E1D40923FBBCBB006E3042 /* FloatingTextFieldItem.swift in Sources */,
				08E1D3F123FBB1BB006E3042 /* AuthorizationViewController.swift in Sources */,
				0830815A2413974F00947567 /* CertificateItem.swift in Sources */,
				088F4078240783D10094D854 /* SubscribedPackageItem.swift in Sources */,
				08E1D41523FBC847006E3042 /* FilledButton.swift in Sources */,
				0808588F2447040200BBC996 /* ViewPagerTabItem.swift in Sources */,
				080858882446EAC400BBC996 /* ViewPagerOptions.swift in Sources */,
				087D909624386199003E74BD /* ResponseModel.swift in Sources */,
				08E1D3FC23FBB4E6006E3042 /* AppTitle.swift in Sources */,
				0875DF222419FDBE00CCB46B /* EditAdapter.swift in Sources */,
				08E1D40F23FBC1F3006E3042 /* AuthorizationViewModel.swift in Sources */,
				0856AA7C241F6C1C00BFAE4F /* NetworkManager.swift in Sources */,
				082DAEC02417573300F025E4 /* VariantItem.swift in Sources */,
				0840503323FE41D500A084A4 /* CourseDetailsPagerViewController.swift in Sources */,
				0829FAE524039B92000CACCF /* UILabel+Extenstions.swift in Sources */,
				0840503B23FE524300A084A4 /* CourseModulesAdapter.swift in Sources */,
				0840505723FE6E4A00A084A4 /* MessageHeaderView.swift in Sources */,
				082B1D122400EB2400316D24 /* MainViewController.swift in Sources */,
				08B0C740240CBFC500D2AE79 /* CourseInfoDescriptionItem.swift in Sources */,
				0840503D23FE526C00A084A4 /* CourseReviewsAdapter.swift in Sources */,
				083707E42418C848008A85FB /* CustomSegments.swift in Sources */,
				08E13046244AEA4D0086D5BC /* LanguageModel.swift in Sources */,
				082B1D192400F43500316D24 /* PostItem.swift in Sources */,
				082D6A992439BF5A009B3816 /* StorageManager.swift in Sources */,
				08479E15243731A4005029C8 /* ModuleModel.swift in Sources */,
				0840502C23FCF02F00A084A4 /* RestorePasswordValidator.swift in Sources */,
				089A46A3240238BF007068DB /* ByCategoryAdapter.swift in Sources */,
				08E1D42223FC0FAC006E3042 /* UIStackView+Extensions.swift in Sources */,
				08E1D41723FBCACD006E3042 /* DefaultButtonItem.swift in Sources */,
				08FCD8362442E742007F058A /* SearchDrawlable.swift in Sources */,
				083707EC2418C862008A85FB /* Array+Extensions.swift in Sources */,
				08483D6B240B8D9E00B40B1F /* CourseCommunityView.swift in Sources */,
				083DDF04243F078F00EA917D /* CategoryModel.swift in Sources */,
				0875B686240E162600669C5B /* SettingsViewController.swift in Sources */,
				082D6A9D2439C279009B3816 /* AppErrorMessage.swift in Sources */,
				08F54F8024580C6F001D7A55 /* Int+Ext.swift in Sources */,
				08E1D42423FC38C4006E3042 /* MessageItem.swift in Sources */,
				083707E92418C848008A85FB /* BasicBarChartPresenter.swift in Sources */,
				0856AA7D241F6C1C00BFAE4F /* CustomParser.swift in Sources */,
				08E1D41A23FBDACF006E3042 /* Stylizing.swift in Sources */,
				08E1D41E23FC08C6006E3042 /* OTPTextField.swift in Sources */,
				0840502F23FE403600A084A4 /* CourseDetailsViewController.swift in Sources */,
				08B0C744240CCF2800D2AE79 /* CourseInfoSkillsItem.swift in Sources */,
				08D2DA412413686D001EC235 /* ProfileViewController.swift in Sources */,
				08E1D40B23FBBEB7006E3042 /* String+Extensions.swift in Sources */,
				0840505923FE717700A084A4 /* ReviewItem.swift in Sources */,
				08A73E2D2406613D00244B9E /* SubscribedCoursesAdapter.swift in Sources */,
				0875B68E240E263100669C5B /* SettingsLanguageItem.swift in Sources */,
				082D6A9F2439C6CA009B3816 /* NSNotification.Name+Extensions.swift in Sources */,
				0808589124470FBE00BBC996 /* ViewPager.swift in Sources */,
				0856AA82241F6C1C00BFAE4F /* EndpointType.swift in Sources */,
				083081562413916100947567 /* DatePickerManager.swift in Sources */,
				0875B690240E284F00669C5B /* PickerViewManager.swift in Sources */,
				0856AA81241F6C1C00BFAE4F /* CustomError.swift in Sources */,
				08D2DA4324136880001EC235 /* ProfileAdapter.swift in Sources */,
				08C981AA2423BDDD00B2A802 /* GeneralPaginationModel.swift in Sources */,
				08E1D42023FC0C6A006E3042 /* UIView+Extensions.swift in Sources */,
				0840503523FE422900A084A4 /* CourseModulesViewController.swift in Sources */,
				08483D65240B655000B40B1F /* ModuleExpandableHeaderView.swift in Sources */,
				08483D6D240B8E1A00B40B1F /* CourseRatingView.swift in Sources */,
				0840502823FCEFE500A084A4 /* RestorePasswordAdapter.swift in Sources */,
				0829FAE32403847F000CACCF /* SearchViewController.swift in Sources */,
				0875B680240DFBDC00669C5B /* LessonViewController.swift in Sources */,
				087D909824386B11003E74BD /* LoadingButton.swift in Sources */,
				08E1D3F723FBB2EC006E3042 /* NavigationController.swift in Sources */,
				0808588D244703AC00BBC996 /* ViewPagerTabView.swift in Sources */,
				0875B68A240E185D00669C5B /* SettingsModel.swift in Sources */,
				083707EF2418C962008A85FB /* UIBezierPath+Extensions.swift in Sources */,
				08085893244719A200BBC996 /* CategoryViewController.swift in Sources */,
				082DAEBE241755E300F025E4 /* VariantCollectionView.swift in Sources */,
				08BCDB6224483CCA00ABCC99 /* LessonPageModel.swift in Sources */,
				0840503723FE424F00A084A4 /* CourseReviewsViewController.swift in Sources */,
				089A46A12402389F007068DB /* ByCategoryViewController.swift in Sources */,
				0808588B244702E200BBC996 /* ViewPagerTab.swift in Sources */,
				082DF68E245D60D4009C3F46 /* ReviewViewController.swift in Sources */,
				0840502623FCEFCD00A084A4 /* RestorePasswordViewController.swift in Sources */,
				083081532413884F00947567 /* ProfileNotificationItem.swift in Sources */,
				0840502323FCE93800A084A4 /* AuthorizationValidator.swift in Sources */,
				08E1D3F923FBB313006E3042 /* UIViewController+Extenstions.swift in Sources */,
				083707E52418C848008A85FB /* BasicBarChart.swift in Sources */,
				0875B67E240DF9AD00669C5B /* VideoViewController.swift in Sources */,
				08089F2923FA6CC900EFDD85 /* AppDelegate.swift in Sources */,
				0830814D24136CC500947567 /* ProfileHeaderView.swift in Sources */,
				08A937E72410D80F009C50C3 /* SettingsChangableItem.swift in Sources */,
				0875B688240E165C00669C5B /* SettingsAdapter.swift in Sources */,
				0830814F24136E6400947567 /* ProfileStatisticsItem.swift in Sources */,
				08B0C73E240CBD1200D2AE79 /* CourseInfoHeaderView.swift in Sources */,
				08A0FF46243C44AF0000119B /* UITableViewController+FetchableMore.swift in Sources */,
				08C981AF2423E2AF00B2A802 /* MessageBackgroundView.swift in Sources */,
				082E268C242654C300C6E32D /* LoadMoreSpinnerView.swift in Sources */,
				08E1D40723FBBA23006E3042 /* SecureTextField.swift in Sources */,
				08B0C746240CD41F00D2AE79 /* CourseInfoLanguageItem.swift in Sources */,
				08E1D40D23FBBED8006E3042 /* UITableViewCell+Extensions.swift in Sources */,
				08D551542454503F002DC8E7 /* CourseInfoSkillTitleItem.swift in Sources */,
				08C981AC2423BF5600B2A802 /* PostModel.swift in Sources */,
				082B1D142400EB4800316D24 /* MainAdapter.swift in Sources */,
				08483D69240B882F00B40B1F /* CourseHeaderView.swift in Sources */,
				0875DF202419FDB400CCB46B /* EditViewController.swift in Sources */,
				08A73E2B2406610400244B9E /* SubscribedCoursesViewController.swift in Sources */,
				08E1D41C23FC0893006E3042 /* OTPItem.swift in Sources */,
				082D6A9B2439BF75009B3816 /* AppKey.swift in Sources */,
				08FCD8382442F52B007F058A /* RetryBackgroundView.swift in Sources */,
				08A73E2824065B8D00244B9E /* IconableLabelView.swift in Sources */,
				08479E1324371E0B005029C8 /* UIEdgeInsets+Extensions.swift in Sources */,
				083707E32418C848008A85FB /* CALayerExtension.swift in Sources */,
				08E1D3F423FBB278006E3042 /* UINavigationController+Extenstions.swift in Sources */,
				0840505423FE6B6B00A084A4 /* CourseInfoAdapter.swift in Sources */,
				08E1D41323FBC81C006E3042 /* FilledButtonItem.swift in Sources */,
				08BCDB60244835ED00ABCC99 /* LessonDrawlable.swift in Sources */,
				0840502A23FCEFF600A084A4 /* RestorePasswordModel.swift in Sources */,
				08A73E262406471200244B9E /* PackageItem.swift in Sources */,
				0856AA80241F6C1C00BFAE4F /* Parser.swift in Sources */,
				083081582413963000947567 /* ProfileCertificateItem.swift in Sources */,
				0875B68C240E1C4D00669C5B /* SettingsHeaderItem.swift in Sources */,
				0875DF242419FDC900CCB46B /* EditModels.swift in Sources */,
				08CF860D241B9446009F31FE /* DynamicHeightCollectionView.swift in Sources */,
				083DDF0624403DD600EA917D /* LoadingBackgroundView.swift in Sources */,
				08479E1724373CD8005029C8 /* ReviewModel.swift in Sources */,
				0840503123FE405F00A084A4 /* ScrollViewController.swift in Sources */,
				0875B682240DFCE400669C5B /* IconableTabItem.swift in Sources */,
				08CF860B241B9085009F31FE /* Skilltem.swift in Sources */,
				08483D6F240B8E4E00B40B1F /* PaddingLabel.swift in Sources */,
				084E8794242516C6006B9524 /* CourseModel.swift in Sources */,
				08479E1924374A94005029C8 /* LessonModel.swift in Sources */,
				0875DF262419FE5900CCB46B /* EditValidator.swift in Sources */,
				0856AA7F241F6C1C00BFAE4F /* Requests.swift in Sources */,
				0840505223FE6B5800A084A4 /* CourseInfoViewController.swift in Sources */,
				08E1D40223FBB822006E3042 /* FloatingTextField.swift in Sources */,
				0830815124136FA800947567 /* ProfileModels.swift in Sources */,
				0856AA7E241F6C1C00BFAE4F /* Endpoints.swift in Sources */,
				082D6A952439B72F009B3816 /* AuthModel.swift in Sources */,
				083707E72418C848008A85FB /* DataEntry.swift in Sources */,
				083707EA2418C848008A85FB /* BasicBarEntry.swift in Sources */,
				08483D67240B6DF800B40B1F /* LessonItem.swift in Sources */,
				0830815C241399DD00947567 /* UICollectionViewCell+Extensions.swift in Sources */,
				08B0C742240CC6FB00D2AE79 /* CourseInfoTeacherItem.swift in Sources */,
				082DAEBB241754A300F025E4 /* QuestionsViewController.swift in Sources */,
				082B1D172400F0D200316D24 /* TabBarViewController.swift in Sources */,
				08E1D40523FBB8C5006E3042 /* AppColor.swift in Sources */,
				082DAEC524175D4A00F025E4 /* AppSize.swift in Sources */,
				08E1D41123FBC4C2006E3042 /* AuthorizationAdapter.swift in Sources */,
			);
			runOnlyForDeploymentPostprocessing = 0;
		};
/* End PBXSourcesBuildPhase section */

/* Begin PBXVariantGroup section */
		080A5928244C3C0600A9B879 /* Localizable.strings */ = {
			isa = PBXVariantGroup;
			children = (
				080A5927244C3C0600A9B879 /* ru */,
				080A5929244C3C2600A9B879 /* kk-KZ */,
			);
			name = Localizable.strings;
			sourceTree = "<group>";
		};
/* End PBXVariantGroup section */

/* Begin XCBuildConfiguration section */
		08089F3523FA6CCE00EFDD85 /* Debug */ = {
			isa = XCBuildConfiguration;
			buildSettings = {
				ALWAYS_SEARCH_USER_PATHS = NO;
				CLANG_ANALYZER_LOCALIZABILITY_NONLOCALIZED = YES;
				CLANG_ANALYZER_NONNULL = YES;
				CLANG_ANALYZER_NUMBER_OBJECT_CONVERSION = YES_AGGRESSIVE;
				CLANG_CXX_LANGUAGE_STANDARD = "gnu++14";
				CLANG_CXX_LIBRARY = "libc++";
				CLANG_ENABLE_MODULES = YES;
				CLANG_ENABLE_OBJC_ARC = YES;
				CLANG_ENABLE_OBJC_WEAK = YES;
				CLANG_WARN_BLOCK_CAPTURE_AUTORELEASING = YES;
				CLANG_WARN_BOOL_CONVERSION = YES;
				CLANG_WARN_COMMA = YES;
				CLANG_WARN_CONSTANT_CONVERSION = YES;
				CLANG_WARN_DEPRECATED_OBJC_IMPLEMENTATIONS = YES;
				CLANG_WARN_DIRECT_OBJC_ISA_USAGE = YES_ERROR;
				CLANG_WARN_DOCUMENTATION_COMMENTS = YES;
				CLANG_WARN_EMPTY_BODY = YES;
				CLANG_WARN_ENUM_CONVERSION = YES;
				CLANG_WARN_INFINITE_RECURSION = YES;
				CLANG_WARN_INT_CONVERSION = YES;
				CLANG_WARN_NON_LITERAL_NULL_CONVERSION = YES;
				CLANG_WARN_OBJC_IMPLICIT_RETAIN_SELF = YES;
				CLANG_WARN_OBJC_LITERAL_CONVERSION = YES;
				CLANG_WARN_OBJC_ROOT_CLASS = YES_ERROR;
				CLANG_WARN_RANGE_LOOP_ANALYSIS = YES;
				CLANG_WARN_STRICT_PROTOTYPES = YES;
				CLANG_WARN_SUSPICIOUS_MOVE = YES;
				CLANG_WARN_UNGUARDED_AVAILABILITY = YES_AGGRESSIVE;
				CLANG_WARN_UNREACHABLE_CODE = YES;
				CLANG_WARN__DUPLICATE_METHOD_MATCH = YES;
				CODE_SIGN_IDENTITY = "iPhone Developer";
				COPY_PHASE_STRIP = NO;
				DEBUG_INFORMATION_FORMAT = dwarf;
				ENABLE_STRICT_OBJC_MSGSEND = YES;
				ENABLE_TESTABILITY = YES;
				GCC_C_LANGUAGE_STANDARD = gnu11;
				GCC_DYNAMIC_NO_PIC = NO;
				GCC_NO_COMMON_BLOCKS = YES;
				GCC_OPTIMIZATION_LEVEL = 0;
				GCC_PREPROCESSOR_DEFINITIONS = (
					"DEBUG=1",
					"$(inherited)",
				);
				GCC_WARN_64_TO_32_BIT_CONVERSION = YES;
				GCC_WARN_ABOUT_RETURN_TYPE = YES_ERROR;
				GCC_WARN_UNDECLARED_SELECTOR = YES;
				GCC_WARN_UNINITIALIZED_AUTOS = YES_AGGRESSIVE;
				GCC_WARN_UNUSED_FUNCTION = YES;
				GCC_WARN_UNUSED_VARIABLE = YES;
				IPHONEOS_DEPLOYMENT_TARGET = 12.4;
				MTL_ENABLE_DEBUG_INFO = INCLUDE_SOURCE;
				MTL_FAST_MATH = YES;
				ONLY_ACTIVE_ARCH = YES;
				SDKROOT = iphoneos;
				SWIFT_ACTIVE_COMPILATION_CONDITIONS = DEBUG;
				SWIFT_OPTIMIZATION_LEVEL = "-Onone";
			};
			name = Debug;
		};
		08089F3623FA6CCE00EFDD85 /* Release */ = {
			isa = XCBuildConfiguration;
			buildSettings = {
				ALWAYS_SEARCH_USER_PATHS = NO;
				CLANG_ANALYZER_LOCALIZABILITY_NONLOCALIZED = YES;
				CLANG_ANALYZER_NONNULL = YES;
				CLANG_ANALYZER_NUMBER_OBJECT_CONVERSION = YES_AGGRESSIVE;
				CLANG_CXX_LANGUAGE_STANDARD = "gnu++14";
				CLANG_CXX_LIBRARY = "libc++";
				CLANG_ENABLE_MODULES = YES;
				CLANG_ENABLE_OBJC_ARC = YES;
				CLANG_ENABLE_OBJC_WEAK = YES;
				CLANG_WARN_BLOCK_CAPTURE_AUTORELEASING = YES;
				CLANG_WARN_BOOL_CONVERSION = YES;
				CLANG_WARN_COMMA = YES;
				CLANG_WARN_CONSTANT_CONVERSION = YES;
				CLANG_WARN_DEPRECATED_OBJC_IMPLEMENTATIONS = YES;
				CLANG_WARN_DIRECT_OBJC_ISA_USAGE = YES_ERROR;
				CLANG_WARN_DOCUMENTATION_COMMENTS = YES;
				CLANG_WARN_EMPTY_BODY = YES;
				CLANG_WARN_ENUM_CONVERSION = YES;
				CLANG_WARN_INFINITE_RECURSION = YES;
				CLANG_WARN_INT_CONVERSION = YES;
				CLANG_WARN_NON_LITERAL_NULL_CONVERSION = YES;
				CLANG_WARN_OBJC_IMPLICIT_RETAIN_SELF = YES;
				CLANG_WARN_OBJC_LITERAL_CONVERSION = YES;
				CLANG_WARN_OBJC_ROOT_CLASS = YES_ERROR;
				CLANG_WARN_RANGE_LOOP_ANALYSIS = YES;
				CLANG_WARN_STRICT_PROTOTYPES = YES;
				CLANG_WARN_SUSPICIOUS_MOVE = YES;
				CLANG_WARN_UNGUARDED_AVAILABILITY = YES_AGGRESSIVE;
				CLANG_WARN_UNREACHABLE_CODE = YES;
				CLANG_WARN__DUPLICATE_METHOD_MATCH = YES;
				CODE_SIGN_IDENTITY = "iPhone Developer";
				COPY_PHASE_STRIP = NO;
				DEBUG_INFORMATION_FORMAT = "dwarf-with-dsym";
				ENABLE_NS_ASSERTIONS = NO;
				ENABLE_STRICT_OBJC_MSGSEND = YES;
				GCC_C_LANGUAGE_STANDARD = gnu11;
				GCC_NO_COMMON_BLOCKS = YES;
				GCC_WARN_64_TO_32_BIT_CONVERSION = YES;
				GCC_WARN_ABOUT_RETURN_TYPE = YES_ERROR;
				GCC_WARN_UNDECLARED_SELECTOR = YES;
				GCC_WARN_UNINITIALIZED_AUTOS = YES_AGGRESSIVE;
				GCC_WARN_UNUSED_FUNCTION = YES;
				GCC_WARN_UNUSED_VARIABLE = YES;
				IPHONEOS_DEPLOYMENT_TARGET = 12.4;
				MTL_ENABLE_DEBUG_INFO = NO;
				MTL_FAST_MATH = YES;
				SDKROOT = iphoneos;
				SWIFT_COMPILATION_MODE = wholemodule;
				SWIFT_OPTIMIZATION_LEVEL = "-O";
				VALIDATE_PRODUCT = YES;
			};
			name = Release;
		};
		08089F3823FA6CCE00EFDD85 /* Debug */ = {
			isa = XCBuildConfiguration;
			baseConfigurationReference = 392A17BE6ABD807B886A68CE /* Pods-Study.debug.xcconfig */;
			buildSettings = {
				ASSETCATALOG_COMPILER_APPICON_NAME = AppIcon;
				CODE_SIGN_STYLE = Automatic;
				DEVELOPMENT_TEAM = F47KWZELC5;
				INFOPLIST_FILE = Study/Info.plist;
				IPHONEOS_DEPLOYMENT_TARGET = 12.0;
				LD_RUNPATH_SEARCH_PATHS = (
					"$(inherited)",
					"@executable_path/Frameworks",
				);
				PRODUCT_BUNDLE_IDENTIFIER = Shyngys.Study;
				PRODUCT_NAME = "$(TARGET_NAME)";
				SWIFT_VERSION = 5.0;
				TARGETED_DEVICE_FAMILY = "1,2";
			};
			name = Debug;
		};
		08089F3923FA6CCE00EFDD85 /* Release */ = {
			isa = XCBuildConfiguration;
			baseConfigurationReference = 3CC7ABAAC8BD399282CA6677 /* Pods-Study.release.xcconfig */;
			buildSettings = {
				ASSETCATALOG_COMPILER_APPICON_NAME = AppIcon;
				CODE_SIGN_STYLE = Automatic;
				DEVELOPMENT_TEAM = F47KWZELC5;
				INFOPLIST_FILE = Study/Info.plist;
				IPHONEOS_DEPLOYMENT_TARGET = 12.0;
				LD_RUNPATH_SEARCH_PATHS = (
					"$(inherited)",
					"@executable_path/Frameworks",
				);
				PRODUCT_BUNDLE_IDENTIFIER = Shyngys.Study;
				PRODUCT_NAME = "$(TARGET_NAME)";
				SWIFT_VERSION = 5.0;
				TARGETED_DEVICE_FAMILY = "1,2";
			};
			name = Release;
		};
/* End XCBuildConfiguration section */

/* Begin XCConfigurationList section */
		08089F2023FA6CC800EFDD85 /* Build configuration list for PBXProject "Study" */ = {
			isa = XCConfigurationList;
			buildConfigurations = (
				08089F3523FA6CCE00EFDD85 /* Debug */,
				08089F3623FA6CCE00EFDD85 /* Release */,
			);
			defaultConfigurationIsVisible = 0;
			defaultConfigurationName = Release;
		};
		08089F3723FA6CCE00EFDD85 /* Build configuration list for PBXNativeTarget "Study" */ = {
			isa = XCConfigurationList;
			buildConfigurations = (
				08089F3823FA6CCE00EFDD85 /* Debug */,
				08089F3923FA6CCE00EFDD85 /* Release */,
			);
			defaultConfigurationIsVisible = 0;
			defaultConfigurationName = Release;
		};
/* End XCConfigurationList section */
	};
	rootObject = 08089F1D23FA6CC800EFDD85 /* Project object */;
}
